// !$*UTF8*$!
{
	archiveVersion = 1;
	classes = {
	};
	objectVersion = 54;
	objects = {

/* Begin PBXBuildFile section */
		585B39A22DF8125400E6E08F /* AppDelegate.swift in Sources */ = {isa = PBXBuildFile; fileRef = 585B39622DF8125400E6E08F /* AppDelegate.swift */; };
		585B39A32DF8125400E6E08F /* ViewController.swift in Sources */ = {isa = PBXBuildFile; fileRef = 585B396A2DF8125400E6E08F /* ViewController.swift */; };
		585B39AC2DF8125400E6E08F /* Assets.xcassets in Resources */ = {isa = PBXBuildFile; fileRef = 585B39632DF8125400E6E08F /* Assets.xcassets */; };
		585B39AE2DF8125400E6E08F /* LaunchScreen.storyboard in Resources */ = {isa = PBXBuildFile; fileRef = 585B39662DF8125400E6E08F /* LaunchScreen.storyboard */; };
		585B39AF2DF8125400E6E08F /* Main.storyboard in Resources */ = {isa = PBXBuildFile; fileRef = 585B39682DF8125400E6E08F /* Main.storyboard */; };
		58678E8D2DFA627C0035673E /* WYMicrophoneAuthorization.swift in Sources */ = {isa = PBXBuildFile; fileRef = 58678DED2DFA627C0035673E /* WYMicrophoneAuthorization.swift */; };
		58678E8F2DFA627C0035673E /* WYChatBusinessCardCell.swift in Sources */ = {isa = PBXBuildFile; fileRef = 58678E512DFA627C0035673E /* WYChatBusinessCardCell.swift */; };
		58678E902DFA627C0035673E /* UIDevice.swift in Sources */ = {isa = PBXBuildFile; fileRef = 58678E202DFA627C0035673E /* UIDevice.swift */; };
		58678E912DFA627C0035673E /* WYChatLuckyMoneyCell.swift in Sources */ = {isa = PBXBuildFile; fileRef = 58678E5B2DFA627C0035673E /* WYChatLuckyMoneyCell.swift */; };
		58678E922DFA627C0035673E /* WYBiometricAuthorization.swift in Sources */ = {isa = PBXBuildFile; fileRef = 58678DE72DFA627C0035673E /* WYBiometricAuthorization.swift */; };
		58678E932DFA627C0035673E /* UIView.swift in Sources */ = {isa = PBXBuildFile; fileRef = 58678E2C2DFA627C0035673E /* UIView.swift */; };
		58678E942DFA627C0035673E /* NumberFormatter.swift in Sources */ = {isa = PBXBuildFile; fileRef = 58678E0E2DFA627C0035673E /* NumberFormatter.swift */; };
		58678E952DFA627C0035673E /* WYRecordAnimationView.swift in Sources */ = {isa = PBXBuildFile; fileRef = 58678E3D2DFA627C0035673E /* WYRecordAnimationView.swift */; };
		58678E972DFA627C0035673E /* WYMoreViewCell.swift in Sources */ = {isa = PBXBuildFile; fileRef = 58678E4D2DFA627C0035673E /* WYMoreViewCell.swift */; };
		58678E982DFA627C0035673E /* WYSpeechRecognitionAuthorization.swift in Sources */ = {isa = PBXBuildFile; fileRef = 58678DF12DFA627C0035673E /* WYSpeechRecognitionAuthorization.swift */; };
		58678E992DFA627C0035673E /* WYStorage.swift in Sources */ = {isa = PBXBuildFile; fileRef = 58678E872DFA627C0035673E /* WYStorage.swift */; };
		58678E9A2DFA627C0035673E /* NSObject.swift in Sources */ = {isa = PBXBuildFile; fileRef = 58678E102DFA627C0035673E /* NSObject.swift */; };
		58678E9B2DFA627C0035673E /* WYChatMoreView.swift in Sources */ = {isa = PBXBuildFile; fileRef = 58678E4C2DFA627C0035673E /* WYChatMoreView.swift */; };
		58678E9C2DFA627C0035673E /* WKWebView.swift in Sources */ = {isa = PBXBuildFile; fileRef = 58678E302DFA627C0035673E /* WKWebView.swift */; };
		58678E9D2DFA627C0035673E /* WYScrollText.swift in Sources */ = {isa = PBXBuildFile; fileRef = 58678E752DFA627C0035673E /* WYScrollText.swift */; };
		58678E9E2DFA627C0035673E /* WYChatView.swift in Sources */ = {isa = PBXBuildFile; fileRef = 58678E462DFA627C0035673E /* WYChatView.swift */; };
		58678E9F2DFA627C0035673E /* WYChatViewEventHandler.swift in Sources */ = {isa = PBXBuildFile; fileRef = 58678E482DFA627C0035673E /* WYChatViewEventHandler.swift */; };
		58678EA02DFA627C0035673E /* Double.swift in Sources */ = {isa = PBXBuildFile; fileRef = 58678E082DFA627C0035673E /* Double.swift */; };
		58678EA12DFA627C0035673E /* WYChatVideoCell.swift in Sources */ = {isa = PBXBuildFile; fileRef = 58678E672DFA627C0035673E /* WYChatVideoCell.swift */; };
		58678EA22DFA627C0035673E /* WYPhotoAlbumsAuthorization.swift in Sources */ = {isa = PBXBuildFile; fileRef = 58678DEF2DFA627C0035673E /* WYPhotoAlbumsAuthorization.swift */; };
		58678EA32DFA627C0035673E /* WYMoveupTipsView.swift in Sources */ = {isa = PBXBuildFile; fileRef = 58678E3C2DFA627C0035673E /* WYMoveupTipsView.swift */; };
		58678EA42DFA627C0035673E /* WYEmojiFuncAreaView.swift in Sources */ = {isa = PBXBuildFile; fileRef = 58678E412DFA627C0035673E /* WYEmojiFuncAreaView.swift */; };
		58678EA52DFA627C0035673E /* WYEmojiHeaderView.swift in Sources */ = {isa = PBXBuildFile; fileRef = 58678E422DFA627C0035673E /* WYEmojiHeaderView.swift */; };
		58678EA62DFA627C0035673E /* WYEmojiViewCell.swift in Sources */ = {isa = PBXBuildFile; fileRef = 58678E442DFA627C0035673E /* WYEmojiViewCell.swift */; };
		58678EA72DFA627C0035673E /* WYChatInputView.swift in Sources */ = {isa = PBXBuildFile; fileRef = 58678E4A2DFA627C0035673E /* WYChatInputView.swift */; };
		58678EA82DFA627C0035673E /* UIAlertController.swift in Sources */ = {isa = PBXBuildFile; fileRef = 58678E162DFA627C0035673E /* UIAlertController.swift */; };
		58678EA92DFA627C0035673E /* WYEmojiPreviewView.swift in Sources */ = {isa = PBXBuildFile; fileRef = 58678E432DFA627C0035673E /* WYEmojiPreviewView.swift */; };
		58678EAA2DFA627C0035673E /* WYChatTransferCell.swift in Sources */ = {isa = PBXBuildFile; fileRef = 58678E652DFA627C0035673E /* WYChatTransferCell.swift */; };
		58678EAB2DFA627C0035673E /* WYChatModel.swift in Sources */ = {isa = PBXBuildFile; fileRef = 58678E3A2DFA627C0035673E /* WYChatModel.swift */; };
		58678EAC2DFA627C0035673E /* WYChatBasicCell.swift in Sources */ = {isa = PBXBuildFile; fileRef = 58678E4F2DFA627C0035673E /* WYChatBasicCell.swift */; };
		58678EAD2DFA627C0035673E /* WYAudioManager.swift in Sources */ = {isa = PBXBuildFile; fileRef = 58678E362DFA627C0035673E /* WYAudioManager.swift */; };
		58678EAE2DFA627C0035673E /* WYChatRecordsCell.swift in Sources */ = {isa = PBXBuildFile; fileRef = 58678E552DFA627C0035673E /* WYChatRecordsCell.swift */; };
		58678EB12DFA627C0035673E /* UIApplication.swift in Sources */ = {isa = PBXBuildFile; fileRef = 58678E182DFA627C0035673E /* UIApplication.swift */; };
		58678EB22DFA627C0035673E /* WYChatEmojiView.swift in Sources */ = {isa = PBXBuildFile; fileRef = 58678E402DFA627C0035673E /* WYChatEmojiView.swift */; };
		58678EB32DFA627C0035673E /* WYChatFileCell.swift in Sources */ = {isa = PBXBuildFile; fileRef = 58678E572DFA627C0035673E /* WYChatFileCell.swift */; };
		58678EB62DFA627C0035673E /* WYLocalizableManager.swift in Sources */ = {isa = PBXBuildFile; fileRef = 58678E792DFA627C0035673E /* WYLocalizableManager.swift */; };
		58678EB72DFA627C0035673E /* WYNetworkServer.swift in Sources */ = {isa = PBXBuildFile; fileRef = 58678E852DFA627C0035673E /* WYNetworkServer.swift */; };
		58678EB82DFA627C0035673E /* Bool.swift in Sources */ = {isa = PBXBuildFile; fileRef = 58678E002DFA627C0035673E /* Bool.swift */; };
		58678EBA2DFA627C0035673E /* UINavigationController.swift in Sources */ = {isa = PBXBuildFile; fileRef = 58678E262DFA627C0035673E /* UINavigationController.swift */; };
		58678EBB2DFA627C0035673E /* Decimal.swift in Sources */ = {isa = PBXBuildFile; fileRef = 58678E062DFA627C0035673E /* Decimal.swift */; };
		58678EBC2DFA627C0035673E /* WYChatConfig.swift in Sources */ = {isa = PBXBuildFile; fileRef = 58678E382DFA627C0035673E /* WYChatConfig.swift */; };
		58678EBD2DFA627C0035673E /* UIButton.swift in Sources */ = {isa = PBXBuildFile; fileRef = 58678E1A2DFA627C0035673E /* UIButton.swift */; };
		58678EBE2DFA627C0035673E /* WYBasisKitConfig.swift in Sources */ = {isa = PBXBuildFile; fileRef = 58678DFE2DFA627C0035673E /* WYBasisKitConfig.swift */; };
		58678EC02DFA627C0035673E /* UITableView.swift in Sources */ = {isa = PBXBuildFile; fileRef = 58678E282DFA627C0035673E /* UITableView.swift */; };
		58678EC12DFA627C0035673E /* WYCameraAuthorization.swift in Sources */ = {isa = PBXBuildFile; fileRef = 58678DE92DFA627C0035673E /* WYCameraAuthorization.swift */; };
		58678EC22DFA627C0035673E /* WYNetworkManager.swift in Sources */ = {isa = PBXBuildFile; fileRef = 58678E842DFA627C0035673E /* WYNetworkManager.swift */; };
		58678EC32DFA627C0035673E /* String.swift in Sources */ = {isa = PBXBuildFile; fileRef = 58678E122DFA627C0035673E /* String.swift */; };
		58678EC42DFA627C0035673E /* CGFloat.swift in Sources */ = {isa = PBXBuildFile; fileRef = 58678E042DFA627C0035673E /* CGFloat.swift */; };
		58678EC52DFA627C0035673E /* WYChatCallCell.swift in Sources */ = {isa = PBXBuildFile; fileRef = 58678E532DFA627C0035673E /* WYChatCallCell.swift */; };
		58678EC62DFA627C0035673E /* WYContactsAuthorization.swift in Sources */ = {isa = PBXBuildFile; fileRef = 58678DEB2DFA627C0035673E /* WYContactsAuthorization.swift */; };
		58678EC72DFA627C0035673E /* WYChatWebpageCell.swift in Sources */ = {isa = PBXBuildFile; fileRef = 58678E6B2DFA627C0035673E /* WYChatWebpageCell.swift */; };
		58678EC82DFA627C0035673E /* WYActivity.swift in Sources */ = {isa = PBXBuildFile; fileRef = 58678DE52DFA627C0035673E /* WYActivity.swift */; };
		58678EC92DFA627C0035673E /* UITextField.swift in Sources */ = {isa = PBXBuildFile; fileRef = 58678E2A2DFA627C0035673E /* UITextField.swift */; };
		58678ECA2DFA627C0035673E /* UILabel.swift in Sources */ = {isa = PBXBuildFile; fileRef = 58678E242DFA627C0035673E /* UILabel.swift */; };
		58678ECB2DFA627C0035673E /* WYSoundWavesView.swift in Sources */ = {isa = PBXBuildFile; fileRef = 58678E3E2DFA627C0035673E /* WYSoundWavesView.swift */; };
		58678ECC2DFA627C0035673E /* WYChatTakePatCell.swift in Sources */ = {isa = PBXBuildFile; fileRef = 58678E612DFA627C0035673E /* WYChatTakePatCell.swift */; };
		58678ECD2DFA627C0035673E /* WYBannerView.swift in Sources */ = {isa = PBXBuildFile; fileRef = 58678E342DFA627C0035673E /* WYBannerView.swift */; };
		58678ECE2DFA627C0035673E /* WYChatLocationCell.swift in Sources */ = {isa = PBXBuildFile; fileRef = 58678E592DFA627C0035673E /* WYChatLocationCell.swift */; };
		58678ECF2DFA627C0035673E /* UICollectionView.swift in Sources */ = {isa = PBXBuildFile; fileRef = 58678E1C2DFA627C0035673E /* UICollectionView.swift */; };
		58678ED02DFA627C0035673E /* CALayer.swift in Sources */ = {isa = PBXBuildFile; fileRef = 58678E022DFA627C0035673E /* CALayer.swift */; };
		58678ED12DFA627C0035673E /* UIColor.swift in Sources */ = {isa = PBXBuildFile; fileRef = 58678E1E2DFA627C0035673E /* UIColor.swift */; };
		58678ED22DFA627C0035673E /* WYPagingView.swift in Sources */ = {isa = PBXBuildFile; fileRef = 58678E732DFA627C0035673E /* WYPagingView.swift */; };
		58678ED32DFA627C0035673E /* UIViewController.swift in Sources */ = {isa = PBXBuildFile; fileRef = 58678E2E2DFA627C0035673E /* UIViewController.swift */; };
		58678ED42DFA627C0035673E /* WYChatWithdrawnCell.swift in Sources */ = {isa = PBXBuildFile; fileRef = 58678E6D2DFA627C0035673E /* WYChatWithdrawnCell.swift */; };
		58678ED62DFA627C0035673E /* WYChatTextCell.swift in Sources */ = {isa = PBXBuildFile; fileRef = 58678E632DFA627C0035673E /* WYChatTextCell.swift */; };
		58678ED72DFA627C0035673E /* WYCodable.swift in Sources */ = {isa = PBXBuildFile; fileRef = 58678DF42DFA627C0035673E /* WYCodable.swift */; };
		58678ED82DFA627C0035673E /* WYChatViewDelegateHandler.swift in Sources */ = {isa = PBXBuildFile; fileRef = 58678E472DFA627C0035673E /* WYChatViewDelegateHandler.swift */; };
		58678ED92DFA627C0035673E /* WYChatPhotoCell.swift in Sources */ = {isa = PBXBuildFile; fileRef = 58678E5F2DFA627C0035673E /* WYChatPhotoCell.swift */; };
		58678EDA2DFA627C0035673E /* WYChatVoiceCell.swift in Sources */ = {isa = PBXBuildFile; fileRef = 58678E692DFA627C0035673E /* WYChatVoiceCell.swift */; };
		58678EDB2DFA627C0035673E /* WYChatMusicCell.swift in Sources */ = {isa = PBXBuildFile; fileRef = 58678E5D2DFA627C0035673E /* WYChatMusicCell.swift */; };
		58678EDC2DFA627C0035673E /* Timer.swift in Sources */ = {isa = PBXBuildFile; fileRef = 58678E142DFA627C0035673E /* Timer.swift */; };
		58678EDF2DFA627C0035673E /* WYNetworkConfig.swift in Sources */ = {isa = PBXBuildFile; fileRef = 58678E832DFA627C0035673E /* WYNetworkConfig.swift */; };
		58678EE02DFA627C0035673E /* UIImage.swift in Sources */ = {isa = PBXBuildFile; fileRef = 58678E222DFA627C0035673E /* UIImage.swift */; };
		58678EE12DFA627C0035673E /* WYActivity.bundle in Resources */ = {isa = PBXBuildFile; fileRef = 58678DE42DFA627C0035673E /* WYActivity.bundle */; };
		58678EE32DFA627C0035673E /* WYLocalizable.bundle in Resources */ = {isa = PBXBuildFile; fileRef = 58678E782DFA627C0035673E /* WYLocalizable.bundle */; };
		58678EE42DFA627C0035673E /* WYBannerView.bundle in Resources */ = {isa = PBXBuildFile; fileRef = 58678E332DFA627C0035673E /* WYBannerView.bundle */; };
		58678EE62DFA627C0035673E /* WYChatView.bundle in Resources */ = {isa = PBXBuildFile; fileRef = 58678E712DFA627C0035673E /* WYChatView.bundle */; };
		58682F7C2E0E440E0057CC53 /* WYEventHandler.swift in Sources */ = {isa = PBXBuildFile; fileRef = 58682F7A2E0E440E0057CC53 /* WYEventHandler.swift */; };
		587CDF902E09151500929E1D /* libz.tbd in Frameworks */ = {isa = PBXBuildFile; fileRef = 587CDF8F2E09151500929E1D /* libz.tbd */; };
		587CDF922E09153B00929E1D /* libbz2.tbd in Frameworks */ = {isa = PBXBuildFile; fileRef = 587CDF912E09153B00929E1D /* libbz2.tbd */; };
		5882EAF32E519EA800638FD3 /* WYMediaPlayer.swift in Sources */ = {isa = PBXBuildFile; fileRef = 5882EAF22E519EA800638FD3 /* WYMediaPlayer.swift */; };
		5882EB262E51D0F000638FD3 /* WYBasisKitConfigObjC.swift in Sources */ = {isa = PBXBuildFile; fileRef = 5882EB252E51D0F000638FD3 /* WYBasisKitConfigObjC.swift */; };
		5882EB282E51D8BE00638FD3 /* WYActivityObjC.swift in Sources */ = {isa = PBXBuildFile; fileRef = 5882EB272E51D8BE00638FD3 /* WYActivityObjC.swift */; };
		5895ADAD2E237D42001849B2 /* NSNumber.swift in Sources */ = {isa = PBXBuildFile; fileRef = 5895ADAC2E237D42001849B2 /* NSNumber.swift */; };
		58CDEE582E34780D00ACE975 /* WYLogManager.swift in Sources */ = {isa = PBXBuildFile; fileRef = 58CDEE572E34780D00ACE975 /* WYLogManager.swift */; };
		58E7127E2E4B03C20095E71C /* WYAudioKit.swift in Sources */ = {isa = PBXBuildFile; fileRef = 58E7127D2E4B03C20095E71C /* WYAudioKit.swift */; };
		58F3786D2E2224A9007F7C55 /* UIFont.swift in Sources */ = {isa = PBXBuildFile; fileRef = 58F3786C2E2224A9007F7C55 /* UIFont.swift */; };
		58F378702E2239D5007F7C55 /* FloatingPoint.swift in Sources */ = {isa = PBXBuildFile; fileRef = 58F3786F2E2239D5007F7C55 /* FloatingPoint.swift */; };
		58FA61322E59FAC100E17F19 /* WYBiometricAuthorizationObjC.swift in Sources */ = {isa = PBXBuildFile; fileRef = 58FA61312E59FAC100E17F19 /* WYBiometricAuthorizationObjC.swift */; };
		58FA61342E59FAD100E17F19 /* WYCameraAuthorizationObjC.swift in Sources */ = {isa = PBXBuildFile; fileRef = 58FA61332E59FAD100E17F19 /* WYCameraAuthorizationObjC.swift */; };
		58FA61362E59FADB00E17F19 /* WYContactsAuthorizationObjC.swift in Sources */ = {isa = PBXBuildFile; fileRef = 58FA61352E59FADB00E17F19 /* WYContactsAuthorizationObjC.swift */; };
		58FA61382E59FAE500E17F19 /* WYMicrophoneAuthorizationObjC.swift in Sources */ = {isa = PBXBuildFile; fileRef = 58FA61372E59FAE500E17F19 /* WYMicrophoneAuthorizationObjC.swift */; };
		58FA613A2E59FAF100E17F19 /* WYPhotoAlbumsAuthorizationObjC.swift in Sources */ = {isa = PBXBuildFile; fileRef = 58FA61392E59FAF100E17F19 /* WYPhotoAlbumsAuthorizationObjC.swift */; };
		58FA613C2E59FAFA00E17F19 /* WYSpeechRecognitionAuthorizationObjC.swift in Sources */ = {isa = PBXBuildFile; fileRef = 58FA613B2E59FAFA00E17F19 /* WYSpeechRecognitionAuthorizationObjC.swift */; };
		58FA61462E59FB1700E17F19 /* WYDecodingStorage.swift in Sources */ = {isa = PBXBuildFile; fileRef = 58FA61432E59FB1700E17F19 /* WYDecodingStorage.swift */; };
		58FA61472E59FB1700E17F19 /* WYCodingKeysConverter.swift in Sources */ = {isa = PBXBuildFile; fileRef = 58FA61412E59FB1700E17F19 /* WYCodingKeysConverter.swift */; };
		58FA61482E59FB1700E17F19 /* WYCodingKeyedDecodingContainer.swift in Sources */ = {isa = PBXBuildFile; fileRef = 58FA61402E59FB1700E17F19 /* WYCodingKeyedDecodingContainer.swift */; };
		58FA61492E59FB1700E17F19 /* WYCodableObjC.swift in Sources */ = {isa = PBXBuildFile; fileRef = 58FA61452E59FB1700E17F19 /* WYCodableObjC.swift */; };
		58FA614A2E59FB1700E17F19 /* WYCodableDefaultValue.swift in Sources */ = {isa = PBXBuildFile; fileRef = 58FA613E2E59FB1700E17F19 /* WYCodableDefaultValue.swift */; };
		58FA614B2E59FB1700E17F19 /* WYCodableUnkeyedContainer.swift in Sources */ = {isa = PBXBuildFile; fileRef = 58FA613F2E59FB1700E17F19 /* WYCodableUnkeyedContainer.swift */; };
		58FA614C2E59FB1700E17F19 /* WYCodableAdapter.swift in Sources */ = {isa = PBXBuildFile; fileRef = 58FA613D2E59FB1700E17F19 /* WYCodableAdapter.swift */; };
		58FA614D2E59FB1700E17F19 /* WYDecoder.swift in Sources */ = {isa = PBXBuildFile; fileRef = 58FA61422E59FB1700E17F19 /* WYDecoder.swift */; };
		58FA614F2E59FB7E00E17F19 /* Int.swift in Sources */ = {isa = PBXBuildFile; fileRef = 58FA614E2E59FB7E00E17F19 /* Int.swift */; };
		58FA61512E59FB9600E17F19 /* AttributedString.swift in Sources */ = {isa = PBXBuildFile; fileRef = 58FA61502E59FB9600E17F19 /* AttributedString.swift */; };
		58FA61532E59FBC500E17F19 /* UIImageObjC.swift in Sources */ = {isa = PBXBuildFile; fileRef = 58FA61522E59FBC500E17F19 /* UIImageObjC.swift */; };
		AAC46AD02E07E28F0068B0DF /* libc++.tbd in Frameworks */ = {isa = PBXBuildFile; fileRef = AAC46ACF2E07E28F0068B0DF /* libc++.tbd */; };
		ED4EB416B83B179C621C40F0 /* Pods_WYBasisKit.framework in Frameworks */ = {isa = PBXBuildFile; fileRef = FEB6297DCF484666E8FC6223 /* Pods_WYBasisKit.framework */; };
/* End PBXBuildFile section */

/* Begin PBXFileReference section */
		53C1C8E1255F64288E08B8AC /* Pods-WYBasisKit.release.xcconfig */ = {isa = PBXFileReference; includeInIndex = 1; lastKnownFileType = text.xcconfig; name = "Pods-WYBasisKit.release.xcconfig"; path = "Target Support Files/Pods-WYBasisKit/Pods-WYBasisKit.release.xcconfig"; sourceTree = "<group>"; };
		585B35642DF8086C00E6E08F /* WYBasisKit.app */ = {isa = PBXFileReference; explicitFileType = wrapper.application; includeInIndex = 0; path = WYBasisKit.app; sourceTree = BUILT_PRODUCTS_DIR; };
		585B39622DF8125400E6E08F /* AppDelegate.swift */ = {isa = PBXFileReference; lastKnownFileType = sourcecode.swift; path = AppDelegate.swift; sourceTree = "<group>"; };
		585B39632DF8125400E6E08F /* Assets.xcassets */ = {isa = PBXFileReference; lastKnownFileType = folder.assetcatalog; path = Assets.xcassets; sourceTree = "<group>"; };
		585B39642DF8125400E6E08F /* Info.plist */ = {isa = PBXFileReference; lastKnownFileType = text.plist.xml; path = Info.plist; sourceTree = "<group>"; };
		585B39652DF8125400E6E08F /* Base */ = {isa = PBXFileReference; lastKnownFileType = file.storyboard; name = Base; path = Base.lproj/LaunchScreen.storyboard; sourceTree = "<group>"; };
		585B39672DF8125400E6E08F /* Base */ = {isa = PBXFileReference; lastKnownFileType = file.storyboard; name = Base; path = Base.lproj/Main.storyboard; sourceTree = "<group>"; };
		585B396A2DF8125400E6E08F /* ViewController.swift */ = {isa = PBXFileReference; lastKnownFileType = sourcecode.swift; path = ViewController.swift; sourceTree = "<group>"; };
		58678DE42DFA627C0035673E /* WYActivity.bundle */ = {isa = PBXFileReference; lastKnownFileType = "wrapper.plug-in"; path = WYActivity.bundle; sourceTree = "<group>"; };
		58678DE52DFA627C0035673E /* WYActivity.swift */ = {isa = PBXFileReference; lastKnownFileType = sourcecode.swift; path = WYActivity.swift; sourceTree = "<group>"; };
		58678DE72DFA627C0035673E /* WYBiometricAuthorization.swift */ = {isa = PBXFileReference; lastKnownFileType = sourcecode.swift; path = WYBiometricAuthorization.swift; sourceTree = "<group>"; };
		58678DE92DFA627C0035673E /* WYCameraAuthorization.swift */ = {isa = PBXFileReference; lastKnownFileType = sourcecode.swift; path = WYCameraAuthorization.swift; sourceTree = "<group>"; };
		58678DEB2DFA627C0035673E /* WYContactsAuthorization.swift */ = {isa = PBXFileReference; lastKnownFileType = sourcecode.swift; path = WYContactsAuthorization.swift; sourceTree = "<group>"; };
		58678DED2DFA627C0035673E /* WYMicrophoneAuthorization.swift */ = {isa = PBXFileReference; lastKnownFileType = sourcecode.swift; path = WYMicrophoneAuthorization.swift; sourceTree = "<group>"; };
		58678DEF2DFA627C0035673E /* WYPhotoAlbumsAuthorization.swift */ = {isa = PBXFileReference; lastKnownFileType = sourcecode.swift; path = WYPhotoAlbumsAuthorization.swift; sourceTree = "<group>"; };
		58678DF12DFA627C0035673E /* WYSpeechRecognitionAuthorization.swift */ = {isa = PBXFileReference; lastKnownFileType = sourcecode.swift; path = WYSpeechRecognitionAuthorization.swift; sourceTree = "<group>"; };
		58678DF42DFA627C0035673E /* WYCodable.swift */ = {isa = PBXFileReference; lastKnownFileType = sourcecode.swift; path = WYCodable.swift; sourceTree = "<group>"; };
		58678DFE2DFA627C0035673E /* WYBasisKitConfig.swift */ = {isa = PBXFileReference; lastKnownFileType = sourcecode.swift; path = WYBasisKitConfig.swift; sourceTree = "<group>"; };
		58678E002DFA627C0035673E /* Bool.swift */ = {isa = PBXFileReference; lastKnownFileType = sourcecode.swift; path = Bool.swift; sourceTree = "<group>"; };
		58678E022DFA627C0035673E /* CALayer.swift */ = {isa = PBXFileReference; lastKnownFileType = sourcecode.swift; path = CALayer.swift; sourceTree = "<group>"; };
		58678E042DFA627C0035673E /* CGFloat.swift */ = {isa = PBXFileReference; lastKnownFileType = sourcecode.swift; path = CGFloat.swift; sourceTree = "<group>"; };
		58678E062DFA627C0035673E /* Decimal.swift */ = {isa = PBXFileReference; lastKnownFileType = sourcecode.swift; path = Decimal.swift; sourceTree = "<group>"; };
		58678E082DFA627C0035673E /* Double.swift */ = {isa = PBXFileReference; lastKnownFileType = sourcecode.swift; path = Double.swift; sourceTree = "<group>"; };
		58678E0E2DFA627C0035673E /* NumberFormatter.swift */ = {isa = PBXFileReference; lastKnownFileType = sourcecode.swift; path = NumberFormatter.swift; sourceTree = "<group>"; };
		58678E102DFA627C0035673E /* NSObject.swift */ = {isa = PBXFileReference; lastKnownFileType = sourcecode.swift; path = NSObject.swift; sourceTree = "<group>"; };
		58678E122DFA627C0035673E /* String.swift */ = {isa = PBXFileReference; lastKnownFileType = sourcecode.swift; path = String.swift; sourceTree = "<group>"; };
		58678E142DFA627C0035673E /* Timer.swift */ = {isa = PBXFileReference; lastKnownFileType = sourcecode.swift; path = Timer.swift; sourceTree = "<group>"; };
		58678E162DFA627C0035673E /* UIAlertController.swift */ = {isa = PBXFileReference; lastKnownFileType = sourcecode.swift; path = UIAlertController.swift; sourceTree = "<group>"; };
		58678E182DFA627C0035673E /* UIApplication.swift */ = {isa = PBXFileReference; lastKnownFileType = sourcecode.swift; path = UIApplication.swift; sourceTree = "<group>"; };
		58678E1A2DFA627C0035673E /* UIButton.swift */ = {isa = PBXFileReference; lastKnownFileType = sourcecode.swift; path = UIButton.swift; sourceTree = "<group>"; };
		58678E1C2DFA627C0035673E /* UICollectionView.swift */ = {isa = PBXFileReference; lastKnownFileType = sourcecode.swift; path = UICollectionView.swift; sourceTree = "<group>"; };
		58678E1E2DFA627C0035673E /* UIColor.swift */ = {isa = PBXFileReference; lastKnownFileType = sourcecode.swift; path = UIColor.swift; sourceTree = "<group>"; };
		58678E202DFA627C0035673E /* UIDevice.swift */ = {isa = PBXFileReference; lastKnownFileType = sourcecode.swift; path = UIDevice.swift; sourceTree = "<group>"; };
		58678E222DFA627C0035673E /* UIImage.swift */ = {isa = PBXFileReference; lastKnownFileType = sourcecode.swift; path = UIImage.swift; sourceTree = "<group>"; };
		58678E242DFA627C0035673E /* UILabel.swift */ = {isa = PBXFileReference; lastKnownFileType = sourcecode.swift; path = UILabel.swift; sourceTree = "<group>"; };
		58678E262DFA627C0035673E /* UINavigationController.swift */ = {isa = PBXFileReference; lastKnownFileType = sourcecode.swift; path = UINavigationController.swift; sourceTree = "<group>"; };
		58678E282DFA627C0035673E /* UITableView.swift */ = {isa = PBXFileReference; lastKnownFileType = sourcecode.swift; path = UITableView.swift; sourceTree = "<group>"; };
		58678E2A2DFA627C0035673E /* UITextField.swift */ = {isa = PBXFileReference; lastKnownFileType = sourcecode.swift; path = UITextField.swift; sourceTree = "<group>"; };
		58678E2C2DFA627C0035673E /* UIView.swift */ = {isa = PBXFileReference; lastKnownFileType = sourcecode.swift; path = UIView.swift; sourceTree = "<group>"; };
		58678E2E2DFA627C0035673E /* UIViewController.swift */ = {isa = PBXFileReference; lastKnownFileType = sourcecode.swift; path = UIViewController.swift; sourceTree = "<group>"; };
		58678E302DFA627C0035673E /* WKWebView.swift */ = {isa = PBXFileReference; lastKnownFileType = sourcecode.swift; path = WKWebView.swift; sourceTree = "<group>"; };
		58678E332DFA627C0035673E /* WYBannerView.bundle */ = {isa = PBXFileReference; lastKnownFileType = "wrapper.plug-in"; path = WYBannerView.bundle; sourceTree = "<group>"; };
		58678E342DFA627C0035673E /* WYBannerView.swift */ = {isa = PBXFileReference; lastKnownFileType = sourcecode.swift; path = WYBannerView.swift; sourceTree = "<group>"; };
		58678E362DFA627C0035673E /* WYAudioManager.swift */ = {isa = PBXFileReference; lastKnownFileType = sourcecode.swift; path = WYAudioManager.swift; sourceTree = "<group>"; };
		58678E382DFA627C0035673E /* WYChatConfig.swift */ = {isa = PBXFileReference; lastKnownFileType = sourcecode.swift; path = WYChatConfig.swift; sourceTree = "<group>"; };
		58678E3A2DFA627C0035673E /* WYChatModel.swift */ = {isa = PBXFileReference; lastKnownFileType = sourcecode.swift; path = WYChatModel.swift; sourceTree = "<group>"; };
		58678E3C2DFA627C0035673E /* WYMoveupTipsView.swift */ = {isa = PBXFileReference; lastKnownFileType = sourcecode.swift; path = WYMoveupTipsView.swift; sourceTree = "<group>"; };
		58678E3D2DFA627C0035673E /* WYRecordAnimationView.swift */ = {isa = PBXFileReference; lastKnownFileType = sourcecode.swift; path = WYRecordAnimationView.swift; sourceTree = "<group>"; };
		58678E3E2DFA627C0035673E /* WYSoundWavesView.swift */ = {isa = PBXFileReference; lastKnownFileType = sourcecode.swift; path = WYSoundWavesView.swift; sourceTree = "<group>"; };
		58678E402DFA627C0035673E /* WYChatEmojiView.swift */ = {isa = PBXFileReference; lastKnownFileType = sourcecode.swift; path = WYChatEmojiView.swift; sourceTree = "<group>"; };
		58678E412DFA627C0035673E /* WYEmojiFuncAreaView.swift */ = {isa = PBXFileReference; lastKnownFileType = sourcecode.swift; path = WYEmojiFuncAreaView.swift; sourceTree = "<group>"; };
		58678E422DFA627C0035673E /* WYEmojiHeaderView.swift */ = {isa = PBXFileReference; lastKnownFileType = sourcecode.swift; path = WYEmojiHeaderView.swift; sourceTree = "<group>"; };
		58678E432DFA627C0035673E /* WYEmojiPreviewView.swift */ = {isa = PBXFileReference; lastKnownFileType = sourcecode.swift; path = WYEmojiPreviewView.swift; sourceTree = "<group>"; };
		58678E442DFA627C0035673E /* WYEmojiViewCell.swift */ = {isa = PBXFileReference; lastKnownFileType = sourcecode.swift; path = WYEmojiViewCell.swift; sourceTree = "<group>"; };
		58678E462DFA627C0035673E /* WYChatView.swift */ = {isa = PBXFileReference; lastKnownFileType = sourcecode.swift; path = WYChatView.swift; sourceTree = "<group>"; };
		58678E472DFA627C0035673E /* WYChatViewDelegateHandler.swift */ = {isa = PBXFileReference; lastKnownFileType = sourcecode.swift; path = WYChatViewDelegateHandler.swift; sourceTree = "<group>"; };
		58678E482DFA627C0035673E /* WYChatViewEventHandler.swift */ = {isa = PBXFileReference; lastKnownFileType = sourcecode.swift; path = WYChatViewEventHandler.swift; sourceTree = "<group>"; };
		58678E4A2DFA627C0035673E /* WYChatInputView.swift */ = {isa = PBXFileReference; lastKnownFileType = sourcecode.swift; path = WYChatInputView.swift; sourceTree = "<group>"; };
		58678E4C2DFA627C0035673E /* WYChatMoreView.swift */ = {isa = PBXFileReference; lastKnownFileType = sourcecode.swift; path = WYChatMoreView.swift; sourceTree = "<group>"; };
		58678E4D2DFA627C0035673E /* WYMoreViewCell.swift */ = {isa = PBXFileReference; lastKnownFileType = sourcecode.swift; path = WYMoreViewCell.swift; sourceTree = "<group>"; };
		58678E4F2DFA627C0035673E /* WYChatBasicCell.swift */ = {isa = PBXFileReference; lastKnownFileType = sourcecode.swift; path = WYChatBasicCell.swift; sourceTree = "<group>"; };
		58678E512DFA627C0035673E /* WYChatBusinessCardCell.swift */ = {isa = PBXFileReference; lastKnownFileType = sourcecode.swift; path = WYChatBusinessCardCell.swift; sourceTree = "<group>"; };
		58678E532DFA627C0035673E /* WYChatCallCell.swift */ = {isa = PBXFileReference; lastKnownFileType = sourcecode.swift; path = WYChatCallCell.swift; sourceTree = "<group>"; };
		58678E552DFA627C0035673E /* WYChatRecordsCell.swift */ = {isa = PBXFileReference; lastKnownFileType = sourcecode.swift; path = WYChatRecordsCell.swift; sourceTree = "<group>"; };
		58678E572DFA627C0035673E /* WYChatFileCell.swift */ = {isa = PBXFileReference; lastKnownFileType = sourcecode.swift; path = WYChatFileCell.swift; sourceTree = "<group>"; };
		58678E592DFA627C0035673E /* WYChatLocationCell.swift */ = {isa = PBXFileReference; lastKnownFileType = sourcecode.swift; path = WYChatLocationCell.swift; sourceTree = "<group>"; };
		58678E5B2DFA627C0035673E /* WYChatLuckyMoneyCell.swift */ = {isa = PBXFileReference; lastKnownFileType = sourcecode.swift; path = WYChatLuckyMoneyCell.swift; sourceTree = "<group>"; };
		58678E5D2DFA627C0035673E /* WYChatMusicCell.swift */ = {isa = PBXFileReference; lastKnownFileType = sourcecode.swift; path = WYChatMusicCell.swift; sourceTree = "<group>"; };
		58678E5F2DFA627C0035673E /* WYChatPhotoCell.swift */ = {isa = PBXFileReference; lastKnownFileType = sourcecode.swift; path = WYChatPhotoCell.swift; sourceTree = "<group>"; };
		58678E612DFA627C0035673E /* WYChatTakePatCell.swift */ = {isa = PBXFileReference; lastKnownFileType = sourcecode.swift; path = WYChatTakePatCell.swift; sourceTree = "<group>"; };
		58678E632DFA627C0035673E /* WYChatTextCell.swift */ = {isa = PBXFileReference; lastKnownFileType = sourcecode.swift; path = WYChatTextCell.swift; sourceTree = "<group>"; };
		58678E652DFA627C0035673E /* WYChatTransferCell.swift */ = {isa = PBXFileReference; lastKnownFileType = sourcecode.swift; path = WYChatTransferCell.swift; sourceTree = "<group>"; };
		58678E672DFA627C0035673E /* WYChatVideoCell.swift */ = {isa = PBXFileReference; lastKnownFileType = sourcecode.swift; path = WYChatVideoCell.swift; sourceTree = "<group>"; };
		58678E692DFA627C0035673E /* WYChatVoiceCell.swift */ = {isa = PBXFileReference; lastKnownFileType = sourcecode.swift; path = WYChatVoiceCell.swift; sourceTree = "<group>"; };
		58678E6B2DFA627C0035673E /* WYChatWebpageCell.swift */ = {isa = PBXFileReference; lastKnownFileType = sourcecode.swift; path = WYChatWebpageCell.swift; sourceTree = "<group>"; };
		58678E6D2DFA627C0035673E /* WYChatWithdrawnCell.swift */ = {isa = PBXFileReference; lastKnownFileType = sourcecode.swift; path = WYChatWithdrawnCell.swift; sourceTree = "<group>"; };
		58678E712DFA627C0035673E /* WYChatView.bundle */ = {isa = PBXFileReference; lastKnownFileType = "wrapper.plug-in"; path = WYChatView.bundle; sourceTree = "<group>"; };
		58678E732DFA627C0035673E /* WYPagingView.swift */ = {isa = PBXFileReference; lastKnownFileType = sourcecode.swift; path = WYPagingView.swift; sourceTree = "<group>"; };
		58678E752DFA627C0035673E /* WYScrollText.swift */ = {isa = PBXFileReference; lastKnownFileType = sourcecode.swift; path = WYScrollText.swift; sourceTree = "<group>"; };
		58678E782DFA627C0035673E /* WYLocalizable.bundle */ = {isa = PBXFileReference; lastKnownFileType = "wrapper.plug-in"; path = WYLocalizable.bundle; sourceTree = "<group>"; };
		58678E792DFA627C0035673E /* WYLocalizableManager.swift */ = {isa = PBXFileReference; lastKnownFileType = sourcecode.swift; path = WYLocalizableManager.swift; sourceTree = "<group>"; };
		58678E832DFA627C0035673E /* WYNetworkConfig.swift */ = {isa = PBXFileReference; lastKnownFileType = sourcecode.swift; path = WYNetworkConfig.swift; sourceTree = "<group>"; };
		58678E842DFA627C0035673E /* WYNetworkManager.swift */ = {isa = PBXFileReference; lastKnownFileType = sourcecode.swift; path = WYNetworkManager.swift; sourceTree = "<group>"; };
		58678E852DFA627C0035673E /* WYNetworkServer.swift */ = {isa = PBXFileReference; lastKnownFileType = sourcecode.swift; path = WYNetworkServer.swift; sourceTree = "<group>"; };
		58678E872DFA627C0035673E /* WYStorage.swift */ = {isa = PBXFileReference; lastKnownFileType = sourcecode.swift; path = WYStorage.swift; sourceTree = "<group>"; };
		58682F7A2E0E440E0057CC53 /* WYEventHandler.swift */ = {isa = PBXFileReference; lastKnownFileType = sourcecode.swift; path = WYEventHandler.swift; sourceTree = "<group>"; };
		587CDF8F2E09151500929E1D /* libz.tbd */ = {isa = PBXFileReference; lastKnownFileType = "sourcecode.text-based-dylib-definition"; name = libz.tbd; path = usr/lib/libz.tbd; sourceTree = SDKROOT; };
		587CDF912E09153B00929E1D /* libbz2.tbd */ = {isa = PBXFileReference; lastKnownFileType = "sourcecode.text-based-dylib-definition"; name = libbz2.tbd; path = usr/lib/libbz2.tbd; sourceTree = SDKROOT; };
		5882EAF22E519EA800638FD3 /* WYMediaPlayer.swift */ = {isa = PBXFileReference; lastKnownFileType = sourcecode.swift; path = WYMediaPlayer.swift; sourceTree = "<group>"; };
		5882EB252E51D0F000638FD3 /* WYBasisKitConfigObjC.swift */ = {isa = PBXFileReference; lastKnownFileType = sourcecode.swift; path = WYBasisKitConfigObjC.swift; sourceTree = "<group>"; };
		5882EB272E51D8BE00638FD3 /* WYActivityObjC.swift */ = {isa = PBXFileReference; lastKnownFileType = sourcecode.swift; path = WYActivityObjC.swift; sourceTree = "<group>"; };
		5895ADAC2E237D42001849B2 /* NSNumber.swift */ = {isa = PBXFileReference; lastKnownFileType = sourcecode.swift; path = NSNumber.swift; sourceTree = "<group>"; };
		58CDEE572E34780D00ACE975 /* WYLogManager.swift */ = {isa = PBXFileReference; lastKnownFileType = sourcecode.swift; path = WYLogManager.swift; sourceTree = "<group>"; };
		58E7127D2E4B03C20095E71C /* WYAudioKit.swift */ = {isa = PBXFileReference; lastKnownFileType = sourcecode.swift; path = WYAudioKit.swift; sourceTree = "<group>"; };
		58F3786C2E2224A9007F7C55 /* UIFont.swift */ = {isa = PBXFileReference; lastKnownFileType = sourcecode.swift; path = UIFont.swift; sourceTree = "<group>"; };
		58F3786F2E2239D5007F7C55 /* FloatingPoint.swift */ = {isa = PBXFileReference; lastKnownFileType = sourcecode.swift; path = FloatingPoint.swift; sourceTree = "<group>"; };
		58FA61312E59FAC100E17F19 /* WYBiometricAuthorizationObjC.swift */ = {isa = PBXFileReference; lastKnownFileType = sourcecode.swift; path = WYBiometricAuthorizationObjC.swift; sourceTree = "<group>"; };
		58FA61332E59FAD100E17F19 /* WYCameraAuthorizationObjC.swift */ = {isa = PBXFileReference; lastKnownFileType = sourcecode.swift; path = WYCameraAuthorizationObjC.swift; sourceTree = "<group>"; };
		58FA61352E59FADB00E17F19 /* WYContactsAuthorizationObjC.swift */ = {isa = PBXFileReference; lastKnownFileType = sourcecode.swift; path = WYContactsAuthorizationObjC.swift; sourceTree = "<group>"; };
		58FA61372E59FAE500E17F19 /* WYMicrophoneAuthorizationObjC.swift */ = {isa = PBXFileReference; lastKnownFileType = sourcecode.swift; path = WYMicrophoneAuthorizationObjC.swift; sourceTree = "<group>"; };
		58FA61392E59FAF100E17F19 /* WYPhotoAlbumsAuthorizationObjC.swift */ = {isa = PBXFileReference; lastKnownFileType = sourcecode.swift; path = WYPhotoAlbumsAuthorizationObjC.swift; sourceTree = "<group>"; };
		58FA613B2E59FAFA00E17F19 /* WYSpeechRecognitionAuthorizationObjC.swift */ = {isa = PBXFileReference; lastKnownFileType = sourcecode.swift; path = WYSpeechRecognitionAuthorizationObjC.swift; sourceTree = "<group>"; };
		58FA613D2E59FB1700E17F19 /* WYCodableAdapter.swift */ = {isa = PBXFileReference; lastKnownFileType = sourcecode.swift; path = WYCodableAdapter.swift; sourceTree = "<group>"; };
		58FA613E2E59FB1700E17F19 /* WYCodableDefaultValue.swift */ = {isa = PBXFileReference; lastKnownFileType = sourcecode.swift; path = WYCodableDefaultValue.swift; sourceTree = "<group>"; };
		58FA613F2E59FB1700E17F19 /* WYCodableUnkeyedContainer.swift */ = {isa = PBXFileReference; lastKnownFileType = sourcecode.swift; path = WYCodableUnkeyedContainer.swift; sourceTree = "<group>"; };
		58FA61402E59FB1700E17F19 /* WYCodingKeyedDecodingContainer.swift */ = {isa = PBXFileReference; lastKnownFileType = sourcecode.swift; path = WYCodingKeyedDecodingContainer.swift; sourceTree = "<group>"; };
		58FA61412E59FB1700E17F19 /* WYCodingKeysConverter.swift */ = {isa = PBXFileReference; lastKnownFileType = sourcecode.swift; path = WYCodingKeysConverter.swift; sourceTree = "<group>"; };
		58FA61422E59FB1700E17F19 /* WYDecoder.swift */ = {isa = PBXFileReference; lastKnownFileType = sourcecode.swift; path = WYDecoder.swift; sourceTree = "<group>"; };
		58FA61432E59FB1700E17F19 /* WYDecodingStorage.swift */ = {isa = PBXFileReference; lastKnownFileType = sourcecode.swift; path = WYDecodingStorage.swift; sourceTree = "<group>"; };
		58FA61452E59FB1700E17F19 /* WYCodableObjC.swift */ = {isa = PBXFileReference; lastKnownFileType = sourcecode.swift; path = WYCodableObjC.swift; sourceTree = "<group>"; };
		58FA614E2E59FB7E00E17F19 /* Int.swift */ = {isa = PBXFileReference; lastKnownFileType = sourcecode.swift; path = Int.swift; sourceTree = "<group>"; };
		58FA61502E59FB9600E17F19 /* AttributedString.swift */ = {isa = PBXFileReference; lastKnownFileType = sourcecode.swift; path = AttributedString.swift; sourceTree = "<group>"; };
		58FA61522E59FBC500E17F19 /* UIImageObjC.swift */ = {isa = PBXFileReference; lastKnownFileType = sourcecode.swift; path = UIImageObjC.swift; sourceTree = "<group>"; };
		8B8A3708E351CE0BB9E30715 /* Pods-WYBasisKit.debug.xcconfig */ = {isa = PBXFileReference; includeInIndex = 1; lastKnownFileType = text.xcconfig; name = "Pods-WYBasisKit.debug.xcconfig"; path = "Target Support Files/Pods-WYBasisKit/Pods-WYBasisKit.debug.xcconfig"; sourceTree = "<group>"; };
		AAC46ACF2E07E28F0068B0DF /* libc++.tbd */ = {isa = PBXFileReference; lastKnownFileType = "sourcecode.text-based-dylib-definition"; name = "libc++.tbd"; path = "usr/lib/libc++.tbd"; sourceTree = SDKROOT; };
		FEB6297DCF484666E8FC6223 /* Pods_WYBasisKit.framework */ = {isa = PBXFileReference; explicitFileType = wrapper.framework; includeInIndex = 0; path = Pods_WYBasisKit.framework; sourceTree = BUILT_PRODUCTS_DIR; };
/* End PBXFileReference section */

/* Begin PBXFrameworksBuildPhase section */
		585B35612DF8086C00E6E08F /* Frameworks */ = {
			isa = PBXFrameworksBuildPhase;
			buildActionMask = 2147483647;
			files = (
				587CDF922E09153B00929E1D /* libbz2.tbd in Frameworks */,
				587CDF902E09151500929E1D /* libz.tbd in Frameworks */,
				AAC46AD02E07E28F0068B0DF /* libc++.tbd in Frameworks */,
				ED4EB416B83B179C621C40F0 /* Pods_WYBasisKit.framework in Frameworks */,
			);
			runOnlyForDeploymentPostprocessing = 0;
		};
/* End PBXFrameworksBuildPhase section */

/* Begin PBXGroup section */
		585B355B2DF8086C00E6E08F = {
			isa = PBXGroup;
			children = (
				585B396C2DF8125400E6E08F /* WYBasisKit */,
				585B35652DF8086C00E6E08F /* Products */,
				DBAAB43B363BC740AF1D33F1 /* Pods */,
				74BEC470B6E92D82AAD2D137 /* Frameworks */,
			);
			sourceTree = "<group>";
		};
		585B35652DF8086C00E6E08F /* Products */ = {
			isa = PBXGroup;
			children = (
				585B35642DF8086C00E6E08F /* WYBasisKit.app */,
			);
			name = Products;
			sourceTree = "<group>";
		};
		585B396C2DF8125400E6E08F /* WYBasisKit */ = {
			isa = PBXGroup;
			children = (
				58678E8C2DFA627C0035673E /* WYBasisKit */,
				585B39622DF8125400E6E08F /* AppDelegate.swift */,
				585B396A2DF8125400E6E08F /* ViewController.swift */,
				585B39642DF8125400E6E08F /* Info.plist */,
				585B39632DF8125400E6E08F /* Assets.xcassets */,
				585B39662DF8125400E6E08F /* LaunchScreen.storyboard */,
				585B39682DF8125400E6E08F /* Main.storyboard */,
			);
			path = WYBasisKit;
			sourceTree = "<group>";
		};
		58678DE62DFA627C0035673E /* Activity */ = {
			isa = PBXGroup;
			children = (
				58678DE42DFA627C0035673E /* WYActivity.bundle */,
				58678DE52DFA627C0035673E /* WYActivity.swift */,
				5882EB272E51D8BE00638FD3 /* WYActivityObjC.swift */,
			);
			path = Activity;
			sourceTree = "<group>";
		};
		58678DE82DFA627C0035673E /* Biometric */ = {
			isa = PBXGroup;
			children = (
				58678DE72DFA627C0035673E /* WYBiometricAuthorization.swift */,
				58FA61312E59FAC100E17F19 /* WYBiometricAuthorizationObjC.swift */,
			);
			path = Biometric;
			sourceTree = "<group>";
		};
		58678DEA2DFA627C0035673E /* Camera */ = {
			isa = PBXGroup;
			children = (
				58678DE92DFA627C0035673E /* WYCameraAuthorization.swift */,
				58FA61332E59FAD100E17F19 /* WYCameraAuthorizationObjC.swift */,
			);
			path = Camera;
			sourceTree = "<group>";
		};
		58678DEC2DFA627C0035673E /* Contacts */ = {
			isa = PBXGroup;
			children = (
				58678DEB2DFA627C0035673E /* WYContactsAuthorization.swift */,
				58FA61352E59FADB00E17F19 /* WYContactsAuthorizationObjC.swift */,
			);
			path = Contacts;
			sourceTree = "<group>";
		};
		58678DEE2DFA627C0035673E /* Microphone */ = {
			isa = PBXGroup;
			children = (
				58678DED2DFA627C0035673E /* WYMicrophoneAuthorization.swift */,
				58FA61372E59FAE500E17F19 /* WYMicrophoneAuthorizationObjC.swift */,
			);
			path = Microphone;
			sourceTree = "<group>";
		};
		58678DF02DFA627C0035673E /* PhotoAlbums */ = {
			isa = PBXGroup;
			children = (
				58678DEF2DFA627C0035673E /* WYPhotoAlbumsAuthorization.swift */,
				58FA61392E59FAF100E17F19 /* WYPhotoAlbumsAuthorizationObjC.swift */,
			);
			path = PhotoAlbums;
			sourceTree = "<group>";
		};
		58678DF22DFA627C0035673E /* SpeechRecognition */ = {
			isa = PBXGroup;
			children = (
				58678DF12DFA627C0035673E /* WYSpeechRecognitionAuthorization.swift */,
				58FA613B2E59FAFA00E17F19 /* WYSpeechRecognitionAuthorizationObjC.swift */,
			);
			path = SpeechRecognition;
			sourceTree = "<group>";
		};
		58678DF32DFA627C0035673E /* Authorization */ = {
			isa = PBXGroup;
			children = (
				58678DE82DFA627C0035673E /* Biometric */,
				58678DEA2DFA627C0035673E /* Camera */,
				58678DEC2DFA627C0035673E /* Contacts */,
				58678DEE2DFA627C0035673E /* Microphone */,
				58678DF02DFA627C0035673E /* PhotoAlbums */,
				58678DF22DFA627C0035673E /* SpeechRecognition */,
			);
			path = Authorization;
			sourceTree = "<group>";
		};
		58678DFC2DFA627C0035673E /* Codable */ = {
			isa = PBXGroup;
			children = (
				58678DF42DFA627C0035673E /* WYCodable.swift */,
				58FA61452E59FB1700E17F19 /* WYCodableObjC.swift */,
				58FA61442E59FB1700E17F19 /* Achieve */,
			);
			path = Codable;
			sourceTree = "<group>";
		};
		58678DFF2DFA627C0035673E /* Config */ = {
			isa = PBXGroup;
			children = (
				58678DFE2DFA627C0035673E /* WYBasisKitConfig.swift */,
				5882EB252E51D0F000638FD3 /* WYBasisKitConfigObjC.swift */,
			);
			path = Config;
			sourceTree = "<group>";
		};
		58678E012DFA627C0035673E /* Bool */ = {
			isa = PBXGroup;
			children = (
				58678E002DFA627C0035673E /* Bool.swift */,
			);
			path = Bool;
			sourceTree = "<group>";
		};
		58678E032DFA627C0035673E /* CALayer */ = {
			isa = PBXGroup;
			children = (
				58678E022DFA627C0035673E /* CALayer.swift */,
			);
			path = CALayer;
			sourceTree = "<group>";
		};
		58678E052DFA627C0035673E /* CGFloat */ = {
			isa = PBXGroup;
			children = (
				58678E042DFA627C0035673E /* CGFloat.swift */,
			);
			path = CGFloat;
			sourceTree = "<group>";
		};
		58678E072DFA627C0035673E /* Decimal */ = {
			isa = PBXGroup;
			children = (
				58678E062DFA627C0035673E /* Decimal.swift */,
			);
			path = Decimal;
			sourceTree = "<group>";
		};
		58678E092DFA627C0035673E /* Double */ = {
			isa = PBXGroup;
			children = (
				58678E082DFA627C0035673E /* Double.swift */,
			);
			path = Double;
			sourceTree = "<group>";
		};
		58678E0D2DFA627C0035673E /* AttributedString */ = {
			isa = PBXGroup;
			children = (
				58FA61502E59FB9600E17F19 /* AttributedString.swift */,
			);
			path = AttributedString;
			sourceTree = "<group>";
		};
		58678E0F2DFA627C0035673E /* NumberFormatter */ = {
			isa = PBXGroup;
			children = (
				58678E0E2DFA627C0035673E /* NumberFormatter.swift */,
			);
			path = NumberFormatter;
			sourceTree = "<group>";
		};
		58678E112DFA627C0035673E /* NSObject */ = {
			isa = PBXGroup;
			children = (
				58678E102DFA627C0035673E /* NSObject.swift */,
			);
			path = NSObject;
			sourceTree = "<group>";
		};
		58678E132DFA627C0035673E /* String */ = {
			isa = PBXGroup;
			children = (
				58678E122DFA627C0035673E /* String.swift */,
			);
			path = String;
			sourceTree = "<group>";
		};
		58678E152DFA627C0035673E /* Timer */ = {
			isa = PBXGroup;
			children = (
				58678E142DFA627C0035673E /* Timer.swift */,
			);
			path = Timer;
			sourceTree = "<group>";
		};
		58678E172DFA627C0035673E /* UIAlertController */ = {
			isa = PBXGroup;
			children = (
				58678E162DFA627C0035673E /* UIAlertController.swift */,
			);
			path = UIAlertController;
			sourceTree = "<group>";
		};
		58678E192DFA627C0035673E /* UIApplication */ = {
			isa = PBXGroup;
			children = (
				58678E182DFA627C0035673E /* UIApplication.swift */,
			);
			path = UIApplication;
			sourceTree = "<group>";
		};
		58678E1B2DFA627C0035673E /* UIButton */ = {
			isa = PBXGroup;
			children = (
				58678E1A2DFA627C0035673E /* UIButton.swift */,
			);
			path = UIButton;
			sourceTree = "<group>";
		};
		58678E1D2DFA627C0035673E /* UICollectionView */ = {
			isa = PBXGroup;
			children = (
				58678E1C2DFA627C0035673E /* UICollectionView.swift */,
			);
			path = UICollectionView;
			sourceTree = "<group>";
		};
		58678E1F2DFA627C0035673E /* UIColor */ = {
			isa = PBXGroup;
			children = (
				58678E1E2DFA627C0035673E /* UIColor.swift */,
			);
			path = UIColor;
			sourceTree = "<group>";
		};
		58678E212DFA627C0035673E /* UIDevice */ = {
			isa = PBXGroup;
			children = (
				58678E202DFA627C0035673E /* UIDevice.swift */,
			);
			path = UIDevice;
			sourceTree = "<group>";
		};
		58678E232DFA627C0035673E /* UIImage */ = {
			isa = PBXGroup;
			children = (
				58678E222DFA627C0035673E /* UIImage.swift */,
				58FA61522E59FBC500E17F19 /* UIImageObjC.swift */,
			);
			path = UIImage;
			sourceTree = "<group>";
		};
		58678E252DFA627C0035673E /* UILabel */ = {
			isa = PBXGroup;
			children = (
				58678E242DFA627C0035673E /* UILabel.swift */,
			);
			path = UILabel;
			sourceTree = "<group>";
		};
		58678E272DFA627C0035673E /* UINavigationController */ = {
			isa = PBXGroup;
			children = (
				58678E262DFA627C0035673E /* UINavigationController.swift */,
			);
			path = UINavigationController;
			sourceTree = "<group>";
		};
		58678E292DFA627C0035673E /* UITableView */ = {
			isa = PBXGroup;
			children = (
				58678E282DFA627C0035673E /* UITableView.swift */,
			);
			path = UITableView;
			sourceTree = "<group>";
		};
		58678E2B2DFA627C0035673E /* UITextField */ = {
			isa = PBXGroup;
			children = (
				58678E2A2DFA627C0035673E /* UITextField.swift */,
			);
			path = UITextField;
			sourceTree = "<group>";
		};
		58678E2D2DFA627C0035673E /* UIView */ = {
			isa = PBXGroup;
			children = (
				58678E2C2DFA627C0035673E /* UIView.swift */,
			);
			path = UIView;
			sourceTree = "<group>";
		};
		58678E2F2DFA627C0035673E /* UIViewController */ = {
			isa = PBXGroup;
			children = (
				58678E2E2DFA627C0035673E /* UIViewController.swift */,
			);
			path = UIViewController;
			sourceTree = "<group>";
		};
		58678E312DFA627C0035673E /* WKWebView */ = {
			isa = PBXGroup;
			children = (
				58678E302DFA627C0035673E /* WKWebView.swift */,
			);
			path = WKWebView;
			sourceTree = "<group>";
		};
		58678E322DFA627C0035673E /* Extension */ = {
			isa = PBXGroup;
			children = (
				58678E132DFA627C0035673E /* String */,
				58F378712E2240B9007F7C55 /* Int */,
				58678E052DFA627C0035673E /* CGFloat */,
				58678E092DFA627C0035673E /* Double */,
				58678E012DFA627C0035673E /* Bool */,
				5895ADAB2E237D16001849B2 /* NSNumber */,
				58F3786E2E2239A7007F7C55 /* FloatingPoint */,
				58F3786B2E22244B007F7C55 /* UIFont */,
				58678E032DFA627C0035673E /* CALayer */,
				58678E072DFA627C0035673E /* Decimal */,
				58678E0D2DFA627C0035673E /* AttributedString */,
				58678E0F2DFA627C0035673E /* NumberFormatter */,
				58678E112DFA627C0035673E /* NSObject */,
				58678E152DFA627C0035673E /* Timer */,
				58678E172DFA627C0035673E /* UIAlertController */,
				58678E192DFA627C0035673E /* UIApplication */,
				58678E1B2DFA627C0035673E /* UIButton */,
				58678E1D2DFA627C0035673E /* UICollectionView */,
				58678E1F2DFA627C0035673E /* UIColor */,
				58678E212DFA627C0035673E /* UIDevice */,
				58678E232DFA627C0035673E /* UIImage */,
				58678E252DFA627C0035673E /* UILabel */,
				58678E272DFA627C0035673E /* UINavigationController */,
				58678E292DFA627C0035673E /* UITableView */,
				58678E2B2DFA627C0035673E /* UITextField */,
				58678E2D2DFA627C0035673E /* UIView */,
				58678E2F2DFA627C0035673E /* UIViewController */,
				58678E312DFA627C0035673E /* WKWebView */,
			);
			path = Extension;
			sourceTree = "<group>";
		};
		58678E352DFA627C0035673E /* BannerView */ = {
			isa = PBXGroup;
			children = (
				58678E332DFA627C0035673E /* WYBannerView.bundle */,
				58678E342DFA627C0035673E /* WYBannerView.swift */,
			);
			path = BannerView;
			sourceTree = "<group>";
		};
		58678E372DFA627C0035673E /* AudioManager */ = {
			isa = PBXGroup;
			children = (
				58678E362DFA627C0035673E /* WYAudioManager.swift */,
			);
			path = AudioManager;
			sourceTree = "<group>";
		};
		58678E392DFA627C0035673E /* Config */ = {
			isa = PBXGroup;
			children = (
				58678E382DFA627C0035673E /* WYChatConfig.swift */,
			);
			path = Config;
			sourceTree = "<group>";
		};
		58678E3B2DFA627C0035673E /* Models */ = {
			isa = PBXGroup;
			children = (
				58678E3A2DFA627C0035673E /* WYChatModel.swift */,
			);
			path = Models;
			sourceTree = "<group>";
		};
		58678E3F2DFA627C0035673E /* RecordAnimation */ = {
			isa = PBXGroup;
			children = (
				58678E3C2DFA627C0035673E /* WYMoveupTipsView.swift */,
				58678E3D2DFA627C0035673E /* WYRecordAnimationView.swift */,
				58678E3E2DFA627C0035673E /* WYSoundWavesView.swift */,
			);
			path = RecordAnimation;
			sourceTree = "<group>";
		};
		58678E452DFA627C0035673E /* Emoji */ = {
			isa = PBXGroup;
			children = (
				58678E402DFA627C0035673E /* WYChatEmojiView.swift */,
				58678E412DFA627C0035673E /* WYEmojiFuncAreaView.swift */,
				58678E422DFA627C0035673E /* WYEmojiHeaderView.swift */,
				58678E432DFA627C0035673E /* WYEmojiPreviewView.swift */,
				58678E442DFA627C0035673E /* WYEmojiViewCell.swift */,
			);
			path = Emoji;
			sourceTree = "<group>";
		};
		58678E492DFA627C0035673E /* Handler */ = {
			isa = PBXGroup;
			children = (
				58678E462DFA627C0035673E /* WYChatView.swift */,
				58678E472DFA627C0035673E /* WYChatViewDelegateHandler.swift */,
				58678E482DFA627C0035673E /* WYChatViewEventHandler.swift */,
			);
			path = Handler;
			sourceTree = "<group>";
		};
		58678E4B2DFA627C0035673E /* Input */ = {
			isa = PBXGroup;
			children = (
				58678E4A2DFA627C0035673E /* WYChatInputView.swift */,
			);
			path = Input;
			sourceTree = "<group>";
		};
		58678E4E2DFA627C0035673E /* More */ = {
			isa = PBXGroup;
			children = (
				58678E4C2DFA627C0035673E /* WYChatMoreView.swift */,
				58678E4D2DFA627C0035673E /* WYMoreViewCell.swift */,
			);
			path = More;
			sourceTree = "<group>";
		};
		58678E502DFA627C0035673E /* Basic */ = {
			isa = PBXGroup;
			children = (
				58678E4F2DFA627C0035673E /* WYChatBasicCell.swift */,
			);
			path = Basic;
			sourceTree = "<group>";
		};
		58678E522DFA627C0035673E /* BusinessCard */ = {
			isa = PBXGroup;
			children = (
				58678E512DFA627C0035673E /* WYChatBusinessCardCell.swift */,
			);
			path = BusinessCard;
			sourceTree = "<group>";
		};
		58678E542DFA627C0035673E /* Call */ = {
			isa = PBXGroup;
			children = (
				58678E532DFA627C0035673E /* WYChatCallCell.swift */,
			);
			path = Call;
			sourceTree = "<group>";
		};
		58678E562DFA627C0035673E /* ChatRecords */ = {
			isa = PBXGroup;
			children = (
				58678E552DFA627C0035673E /* WYChatRecordsCell.swift */,
			);
			path = ChatRecords;
			sourceTree = "<group>";
		};
		58678E582DFA627C0035673E /* File */ = {
			isa = PBXGroup;
			children = (
				58678E572DFA627C0035673E /* WYChatFileCell.swift */,
			);
			path = File;
			sourceTree = "<group>";
		};
		58678E5A2DFA627C0035673E /* Location */ = {
			isa = PBXGroup;
			children = (
				58678E592DFA627C0035673E /* WYChatLocationCell.swift */,
			);
			path = Location;
			sourceTree = "<group>";
		};
		58678E5C2DFA627C0035673E /* LuckyMoney */ = {
			isa = PBXGroup;
			children = (
				58678E5B2DFA627C0035673E /* WYChatLuckyMoneyCell.swift */,
			);
			path = LuckyMoney;
			sourceTree = "<group>";
		};
		58678E5E2DFA627C0035673E /* Music */ = {
			isa = PBXGroup;
			children = (
				58678E5D2DFA627C0035673E /* WYChatMusicCell.swift */,
			);
			path = Music;
			sourceTree = "<group>";
		};
		58678E602DFA627C0035673E /* Photo */ = {
			isa = PBXGroup;
			children = (
				58678E5F2DFA627C0035673E /* WYChatPhotoCell.swift */,
			);
			path = Photo;
			sourceTree = "<group>";
		};
		58678E622DFA627C0035673E /* TakePat */ = {
			isa = PBXGroup;
			children = (
				58678E612DFA627C0035673E /* WYChatTakePatCell.swift */,
			);
			path = TakePat;
			sourceTree = "<group>";
		};
		58678E642DFA627C0035673E /* Text */ = {
			isa = PBXGroup;
			children = (
				58678E632DFA627C0035673E /* WYChatTextCell.swift */,
			);
			path = Text;
			sourceTree = "<group>";
		};
		58678E662DFA627C0035673E /* Transfer */ = {
			isa = PBXGroup;
			children = (
				58678E652DFA627C0035673E /* WYChatTransferCell.swift */,
			);
			path = Transfer;
			sourceTree = "<group>";
		};
		58678E682DFA627C0035673E /* Video */ = {
			isa = PBXGroup;
			children = (
				58678E672DFA627C0035673E /* WYChatVideoCell.swift */,
			);
			path = Video;
			sourceTree = "<group>";
		};
		58678E6A2DFA627C0035673E /* Voice */ = {
			isa = PBXGroup;
			children = (
				58678E692DFA627C0035673E /* WYChatVoiceCell.swift */,
			);
			path = Voice;
			sourceTree = "<group>";
		};
		58678E6C2DFA627C0035673E /* Webpage */ = {
			isa = PBXGroup;
			children = (
				58678E6B2DFA627C0035673E /* WYChatWebpageCell.swift */,
			);
			path = Webpage;
			sourceTree = "<group>";
		};
		58678E6E2DFA627C0035673E /* Withdrawn */ = {
			isa = PBXGroup;
			children = (
				58678E6D2DFA627C0035673E /* WYChatWithdrawnCell.swift */,
			);
			path = Withdrawn;
			sourceTree = "<group>";
		};
		58678E6F2DFA627C0035673E /* StyleCell */ = {
			isa = PBXGroup;
			children = (
				58678E502DFA627C0035673E /* Basic */,
				58678E522DFA627C0035673E /* BusinessCard */,
				58678E542DFA627C0035673E /* Call */,
				58678E562DFA627C0035673E /* ChatRecords */,
				58678E582DFA627C0035673E /* File */,
				58678E5A2DFA627C0035673E /* Location */,
				58678E5C2DFA627C0035673E /* LuckyMoney */,
				58678E5E2DFA627C0035673E /* Music */,
				58678E602DFA627C0035673E /* Photo */,
				58678E622DFA627C0035673E /* TakePat */,
				58678E642DFA627C0035673E /* Text */,
				58678E662DFA627C0035673E /* Transfer */,
				58678E682DFA627C0035673E /* Video */,
				58678E6A2DFA627C0035673E /* Voice */,
				58678E6C2DFA627C0035673E /* Webpage */,
				58678E6E2DFA627C0035673E /* Withdrawn */,
			);
			path = StyleCell;
			sourceTree = "<group>";
		};
		58678E702DFA627C0035673E /* Views */ = {
			isa = PBXGroup;
			children = (
				58678E452DFA627C0035673E /* Emoji */,
				58678E492DFA627C0035673E /* Handler */,
				58678E4B2DFA627C0035673E /* Input */,
				58678E4E2DFA627C0035673E /* More */,
				58678E6F2DFA627C0035673E /* StyleCell */,
			);
			path = Views;
			sourceTree = "<group>";
		};
		58678E722DFA627C0035673E /* ChatView */ = {
			isa = PBXGroup;
			children = (
				58678E372DFA627C0035673E /* AudioManager */,
				58678E392DFA627C0035673E /* Config */,
				58678E3B2DFA627C0035673E /* Models */,
				58678E3F2DFA627C0035673E /* RecordAnimation */,
				58678E702DFA627C0035673E /* Views */,
				58678E712DFA627C0035673E /* WYChatView.bundle */,
			);
			path = ChatView;
			sourceTree = "<group>";
		};
		58678E742DFA627C0035673E /* PagingView */ = {
			isa = PBXGroup;
			children = (
				58678E732DFA627C0035673E /* WYPagingView.swift */,
			);
			path = PagingView;
			sourceTree = "<group>";
		};
		58678E762DFA627C0035673E /* ScrollText */ = {
			isa = PBXGroup;
			children = (
				58678E752DFA627C0035673E /* WYScrollText.swift */,
			);
			path = ScrollText;
			sourceTree = "<group>";
		};
		58678E772DFA627C0035673E /* Layout */ = {
			isa = PBXGroup;
			children = (
				58678E352DFA627C0035673E /* BannerView */,
				58678E722DFA627C0035673E /* ChatView */,
				58678E742DFA627C0035673E /* PagingView */,
				58678E762DFA627C0035673E /* ScrollText */,
				58678E822DFA627C0035673E /* MediaPlayer */,
			);
			path = Layout;
			sourceTree = "<group>";
		};
		58678E7A2DFA627C0035673E /* Localizable */ = {
			isa = PBXGroup;
			children = (
				58678E782DFA627C0035673E /* WYLocalizable.bundle */,
				58678E792DFA627C0035673E /* WYLocalizableManager.swift */,
			);
			path = Localizable;
			sourceTree = "<group>";
		};
		58678E822DFA627C0035673E /* MediaPlayer */ = {
			isa = PBXGroup;
			children = (
				5882EAF22E519EA800638FD3 /* WYMediaPlayer.swift */,
			);
			path = MediaPlayer;
			sourceTree = "<group>";
		};
		58678E862DFA627C0035673E /* Networking */ = {
			isa = PBXGroup;
			children = (
				58678E832DFA627C0035673E /* WYNetworkConfig.swift */,
				58678E842DFA627C0035673E /* WYNetworkManager.swift */,
				58678E852DFA627C0035673E /* WYNetworkServer.swift */,
			);
			path = Networking;
			sourceTree = "<group>";
		};
		58678E882DFA627C0035673E /* Storage */ = {
			isa = PBXGroup;
			children = (
				58678E872DFA627C0035673E /* WYStorage.swift */,
			);
			path = Storage;
			sourceTree = "<group>";
		};
		58678E8C2DFA627C0035673E /* WYBasisKit */ = {
			isa = PBXGroup;
			children = (
				58678DFF2DFA627C0035673E /* Config */,
				58678DE62DFA627C0035673E /* Activity */,
				58678DF32DFA627C0035673E /* Authorization */,
				58678DFC2DFA627C0035673E /* Codable */,
				58678E322DFA627C0035673E /* Extension */,
				58678E772DFA627C0035673E /* Layout */,
				58678E7A2DFA627C0035673E /* Localizable */,
				58E7127C2E4B029B0095E71C /* AudioKit */,
				58678E862DFA627C0035673E /* Networking */,
				58678E882DFA627C0035673E /* Storage */,
				58682F7B2E0E440E0057CC53 /* EventHandler */,
				58CDEE562E34777400ACE975 /* LogManager */,
			);
			path = WYBasisKit;
			sourceTree = "<group>";
		};
		58682F7B2E0E440E0057CC53 /* EventHandler */ = {
			isa = PBXGroup;
			children = (
				58682F7A2E0E440E0057CC53 /* WYEventHandler.swift */,
			);
			path = EventHandler;
			sourceTree = "<group>";
		};
		5895ADAB2E237D16001849B2 /* NSNumber */ = {
			isa = PBXGroup;
			children = (
				5895ADAC2E237D42001849B2 /* NSNumber.swift */,
			);
			path = NSNumber;
			sourceTree = "<group>";
		};
		58CDEE562E34777400ACE975 /* LogManager */ = {
			isa = PBXGroup;
			children = (
				58CDEE572E34780D00ACE975 /* WYLogManager.swift */,
			);
			path = LogManager;
			sourceTree = "<group>";
		};
		58E7127C2E4B029B0095E71C /* AudioKit */ = {
			isa = PBXGroup;
			children = (
				58E7127D2E4B03C20095E71C /* WYAudioKit.swift */,
			);
			path = AudioKit;
			sourceTree = "<group>";
		};
		58F3786B2E22244B007F7C55 /* UIFont */ = {
			isa = PBXGroup;
			children = (
				58F3786C2E2224A9007F7C55 /* UIFont.swift */,
			);
			path = UIFont;
			sourceTree = "<group>";
		};
		58F3786E2E2239A7007F7C55 /* FloatingPoint */ = {
			isa = PBXGroup;
			children = (
				58F3786F2E2239D5007F7C55 /* FloatingPoint.swift */,
			);
			path = FloatingPoint;
			sourceTree = "<group>";
		};
		58F378712E2240B9007F7C55 /* Int */ = {
			isa = PBXGroup;
			children = (
				58FA614E2E59FB7E00E17F19 /* Int.swift */,
			);
			path = Int;
			sourceTree = "<group>";
		};
		58FA61442E59FB1700E17F19 /* Achieve */ = {
			isa = PBXGroup;
			children = (
				58FA613D2E59FB1700E17F19 /* WYCodableAdapter.swift */,
				58FA613E2E59FB1700E17F19 /* WYCodableDefaultValue.swift */,
				58FA613F2E59FB1700E17F19 /* WYCodableUnkeyedContainer.swift */,
				58FA61402E59FB1700E17F19 /* WYCodingKeyedDecodingContainer.swift */,
				58FA61412E59FB1700E17F19 /* WYCodingKeysConverter.swift */,
				58FA61422E59FB1700E17F19 /* WYDecoder.swift */,
				58FA61432E59FB1700E17F19 /* WYDecodingStorage.swift */,
			);
			path = Achieve;
			sourceTree = "<group>";
		};
		74BEC470B6E92D82AAD2D137 /* Frameworks */ = {
			isa = PBXGroup;
			children = (
				587CDF912E09153B00929E1D /* libbz2.tbd */,
				587CDF8F2E09151500929E1D /* libz.tbd */,
				AAC46ACF2E07E28F0068B0DF /* libc++.tbd */,
				FEB6297DCF484666E8FC6223 /* Pods_WYBasisKit.framework */,
			);
			name = Frameworks;
			sourceTree = "<group>";
		};
		DBAAB43B363BC740AF1D33F1 /* Pods */ = {
			isa = PBXGroup;
			children = (
				8B8A3708E351CE0BB9E30715 /* Pods-WYBasisKit.debug.xcconfig */,
				53C1C8E1255F64288E08B8AC /* Pods-WYBasisKit.release.xcconfig */,
			);
			name = Pods;
			path = ../Pods;
			sourceTree = "<group>";
		};
/* End PBXGroup section */

/* Begin PBXNativeTarget section */
		585B35632DF8086C00E6E08F /* WYBasisKit */ = {
			isa = PBXNativeTarget;
			buildConfigurationList = 585B35772DF8086D00E6E08F /* Build configuration list for PBXNativeTarget "WYBasisKit" */;
			buildPhases = (
				252AA03DA89ED8193376CB12 /* [CP] Check Pods Manifest.lock */,
				585B35602DF8086C00E6E08F /* Sources */,
				585B35612DF8086C00E6E08F /* Frameworks */,
				585B35622DF8086C00E6E08F /* Resources */,
				E5C068A3CFEE36C61CC0D71E /* [CP] Embed Pods Frameworks */,
			);
			buildRules = (
			);
			dependencies = (
			);
			name = WYBasisKit;
			productName = WYBasisKit;
			productReference = 585B35642DF8086C00E6E08F /* WYBasisKit.app */;
			productType = "com.apple.product-type.application";
		};
/* End PBXNativeTarget section */

/* Begin PBXProject section */
		585B355C2DF8086C00E6E08F /* Project object */ = {
			isa = PBXProject;
			attributes = {
				BuildIndependentTargetsInParallel = 1;
				LastSwiftUpdateCheck = 1420;
				LastUpgradeCheck = 1420;
				TargetAttributes = {
					585B35632DF8086C00E6E08F = {
						CreatedOnToolsVersion = 16.3;
					};
				};
			};
			buildConfigurationList = 585B355F2DF8086C00E6E08F /* Build configuration list for PBXProject "WYBasisKit" */;
			compatibilityVersion = "Xcode 2.4";
			developmentRegion = en;
			hasScannedForEncodings = 0;
			knownRegions = (
				en,
				Base,
			);
			mainGroup = 585B355B2DF8086C00E6E08F;
			productRefGroup = 585B35652DF8086C00E6E08F /* Products */;
			projectDirPath = "";
			projectRoot = "";
			targets = (
				585B35632DF8086C00E6E08F /* WYBasisKit */,
			);
		};
/* End PBXProject section */

/* Begin PBXResourcesBuildPhase section */
		585B35622DF8086C00E6E08F /* Resources */ = {
			isa = PBXResourcesBuildPhase;
			buildActionMask = 2147483647;
			files = (
				585B39AC2DF8125400E6E08F /* Assets.xcassets in Resources */,
				585B39AE2DF8125400E6E08F /* LaunchScreen.storyboard in Resources */,
				585B39AF2DF8125400E6E08F /* Main.storyboard in Resources */,
				58678EE12DFA627C0035673E /* WYActivity.bundle in Resources */,
				58678EE32DFA627C0035673E /* WYLocalizable.bundle in Resources */,
				58678EE42DFA627C0035673E /* WYBannerView.bundle in Resources */,
				58678EE62DFA627C0035673E /* WYChatView.bundle in Resources */,
			);
			runOnlyForDeploymentPostprocessing = 0;
		};
/* End PBXResourcesBuildPhase section */

/* Begin PBXShellScriptBuildPhase section */
		252AA03DA89ED8193376CB12 /* [CP] Check Pods Manifest.lock */ = {
			isa = PBXShellScriptBuildPhase;
			buildActionMask = 2147483647;
			files = (
			);
			inputFileListPaths = (
			);
			inputPaths = (
				"${PODS_PODFILE_DIR_PATH}/Podfile.lock",
				"${PODS_ROOT}/Manifest.lock",
			);
			name = "[CP] Check Pods Manifest.lock";
			outputFileListPaths = (
			);
			outputPaths = (
				"$(DERIVED_FILE_DIR)/Pods-WYBasisKit-checkManifestLockResult.txt",
			);
			runOnlyForDeploymentPostprocessing = 0;
			shellPath = /bin/sh;
			shellScript = "diff \"${PODS_PODFILE_DIR_PATH}/Podfile.lock\" \"${PODS_ROOT}/Manifest.lock\" > /dev/null\nif [ $? != 0 ] ; then\n    # print error to STDERR\n    echo \"error: The sandbox is not in sync with the Podfile.lock. Run 'pod install' or update your CocoaPods installation.\" >&2\n    exit 1\nfi\n# This output is used by Xcode 'outputs' to avoid re-running this script phase.\necho \"SUCCESS\" > \"${SCRIPT_OUTPUT_FILE_0}\"\n";
			showEnvVarsInLog = 0;
		};
		E5C068A3CFEE36C61CC0D71E /* [CP] Embed Pods Frameworks */ = {
			isa = PBXShellScriptBuildPhase;
			buildActionMask = 2147483647;
			files = (
			);
			inputPaths = (
				"${PODS_ROOT}/Target Support Files/Pods-WYBasisKit/Pods-WYBasisKit-frameworks.sh",
				"${BUILT_PRODUCTS_DIR}/Alamofire/Alamofire.framework",
				"${BUILT_PRODUCTS_DIR}/Kingfisher/Kingfisher.framework",
				"${BUILT_PRODUCTS_DIR}/Moya/Moya.framework",
				"${BUILT_PRODUCTS_DIR}/SnapKit/SnapKit.framework",
			);
			name = "[CP] Embed Pods Frameworks";
			outputPaths = (
				"${TARGET_BUILD_DIR}/${FRAMEWORKS_FOLDER_PATH}/Alamofire.framework",
				"${TARGET_BUILD_DIR}/${FRAMEWORKS_FOLDER_PATH}/Kingfisher.framework",
				"${TARGET_BUILD_DIR}/${FRAMEWORKS_FOLDER_PATH}/Moya.framework",
				"${TARGET_BUILD_DIR}/${FRAMEWORKS_FOLDER_PATH}/SnapKit.framework",
			);
			runOnlyForDeploymentPostprocessing = 0;
			shellPath = /bin/sh;
			shellScript = "\"${PODS_ROOT}/Target Support Files/Pods-WYBasisKit/Pods-WYBasisKit-frameworks.sh\"\n";
			showEnvVarsInLog = 0;
		};
/* End PBXShellScriptBuildPhase section */

/* Begin PBXSourcesBuildPhase section */
		585B35602DF8086C00E6E08F /* Sources */ = {
			isa = PBXSourcesBuildPhase;
			buildActionMask = 2147483647;
			files = (
				585B39A22DF8125400E6E08F /* AppDelegate.swift in Sources */,
				585B39A32DF8125400E6E08F /* ViewController.swift in Sources */,
				58678E8D2DFA627C0035673E /* WYMicrophoneAuthorization.swift in Sources */,
				58678E8F2DFA627C0035673E /* WYChatBusinessCardCell.swift in Sources */,
				58678E902DFA627C0035673E /* UIDevice.swift in Sources */,
				58FA614F2E59FB7E00E17F19 /* Int.swift in Sources */,
				58678E912DFA627C0035673E /* WYChatLuckyMoneyCell.swift in Sources */,
				58678E922DFA627C0035673E /* WYBiometricAuthorization.swift in Sources */,
				58678E932DFA627C0035673E /* UIView.swift in Sources */,
				58678E942DFA627C0035673E /* NumberFormatter.swift in Sources */,
				58678E952DFA627C0035673E /* WYRecordAnimationView.swift in Sources */,
				58678E972DFA627C0035673E /* WYMoreViewCell.swift in Sources */,
				58FA61512E59FB9600E17F19 /* AttributedString.swift in Sources */,
				58CDEE582E34780D00ACE975 /* WYLogManager.swift in Sources */,
				58678E982DFA627C0035673E /* WYSpeechRecognitionAuthorization.swift in Sources */,
				58678E992DFA627C0035673E /* WYStorage.swift in Sources */,
				58678E9A2DFA627C0035673E /* NSObject.swift in Sources */,
				58678E9B2DFA627C0035673E /* WYChatMoreView.swift in Sources */,
				58678E9C2DFA627C0035673E /* WKWebView.swift in Sources */,
				58678E9D2DFA627C0035673E /* WYScrollText.swift in Sources */,
				58678E9E2DFA627C0035673E /* WYChatView.swift in Sources */,
				58678E9F2DFA627C0035673E /* WYChatViewEventHandler.swift in Sources */,
				58678EA02DFA627C0035673E /* Double.swift in Sources */,
				58678EA12DFA627C0035673E /* WYChatVideoCell.swift in Sources */,
				58E7127E2E4B03C20095E71C /* WYAudioKit.swift in Sources */,
				58678EA22DFA627C0035673E /* WYPhotoAlbumsAuthorization.swift in Sources */,
				58678EA32DFA627C0035673E /* WYMoveupTipsView.swift in Sources */,
				5882EB282E51D8BE00638FD3 /* WYActivityObjC.swift in Sources */,
				58F378702E2239D5007F7C55 /* FloatingPoint.swift in Sources */,
				58678EA42DFA627C0035673E /* WYEmojiFuncAreaView.swift in Sources */,
				58678EA52DFA627C0035673E /* WYEmojiHeaderView.swift in Sources */,
				58678EA62DFA627C0035673E /* WYEmojiViewCell.swift in Sources */,
				58FA61342E59FAD100E17F19 /* WYCameraAuthorizationObjC.swift in Sources */,
				58F3786D2E2224A9007F7C55 /* UIFont.swift in Sources */,
				58678EA72DFA627C0035673E /* WYChatInputView.swift in Sources */,
				58678EA82DFA627C0035673E /* UIAlertController.swift in Sources */,
				58678EA92DFA627C0035673E /* WYEmojiPreviewView.swift in Sources */,
				58678EAA2DFA627C0035673E /* WYChatTransferCell.swift in Sources */,
				58678EAB2DFA627C0035673E /* WYChatModel.swift in Sources */,
				58678EAC2DFA627C0035673E /* WYChatBasicCell.swift in Sources */,
				58678EAD2DFA627C0035673E /* WYAudioManager.swift in Sources */,
				58678EAE2DFA627C0035673E /* WYChatRecordsCell.swift in Sources */,
				58678EB12DFA627C0035673E /* UIApplication.swift in Sources */,
				58FA61322E59FAC100E17F19 /* WYBiometricAuthorizationObjC.swift in Sources */,
				58678EB22DFA627C0035673E /* WYChatEmojiView.swift in Sources */,
				58678EB32DFA627C0035673E /* WYChatFileCell.swift in Sources */,
				58678EB62DFA627C0035673E /* WYLocalizableManager.swift in Sources */,
				58FA613A2E59FAF100E17F19 /* WYPhotoAlbumsAuthorizationObjC.swift in Sources */,
				58678EB72DFA627C0035673E /* WYNetworkServer.swift in Sources */,
				58678EB82DFA627C0035673E /* Bool.swift in Sources */,
				58682F7C2E0E440E0057CC53 /* WYEventHandler.swift in Sources */,
				58678EBA2DFA627C0035673E /* UINavigationController.swift in Sources */,
				58678EBB2DFA627C0035673E /* Decimal.swift in Sources */,
				58678EBC2DFA627C0035673E /* WYChatConfig.swift in Sources */,
				58678EBD2DFA627C0035673E /* UIButton.swift in Sources */,
				58678EBE2DFA627C0035673E /* WYBasisKitConfig.swift in Sources */,
				5882EB262E51D0F000638FD3 /* WYBasisKitConfigObjC.swift in Sources */,
				58678EC02DFA627C0035673E /* UITableView.swift in Sources */,
				58FA613C2E59FAFA00E17F19 /* WYSpeechRecognitionAuthorizationObjC.swift in Sources */,
				58678EC12DFA627C0035673E /* WYCameraAuthorization.swift in Sources */,
				58678EC22DFA627C0035673E /* WYNetworkManager.swift in Sources */,
				58678EC32DFA627C0035673E /* String.swift in Sources */,
				58678EC42DFA627C0035673E /* CGFloat.swift in Sources */,
				58678EC52DFA627C0035673E /* WYChatCallCell.swift in Sources */,
				58FA61532E59FBC500E17F19 /* UIImageObjC.swift in Sources */,
				5882EAF32E519EA800638FD3 /* WYMediaPlayer.swift in Sources */,
				58678EC62DFA627C0035673E /* WYContactsAuthorization.swift in Sources */,
				58678EC72DFA627C0035673E /* WYChatWebpageCell.swift in Sources */,
				58678EC82DFA627C0035673E /* WYActivity.swift in Sources */,
				58678EC92DFA627C0035673E /* UITextField.swift in Sources */,
				58678ECA2DFA627C0035673E /* UILabel.swift in Sources */,
				58678ECB2DFA627C0035673E /* WYSoundWavesView.swift in Sources */,
				58678ECC2DFA627C0035673E /* WYChatTakePatCell.swift in Sources */,
				58678ECD2DFA627C0035673E /* WYBannerView.swift in Sources */,
				58678ECE2DFA627C0035673E /* WYChatLocationCell.swift in Sources */,
				58678ECF2DFA627C0035673E /* UICollectionView.swift in Sources */,
				58678ED02DFA627C0035673E /* CALayer.swift in Sources */,
				58FA61362E59FADB00E17F19 /* WYContactsAuthorizationObjC.swift in Sources */,
				58FA61382E59FAE500E17F19 /* WYMicrophoneAuthorizationObjC.swift in Sources */,
				5895ADAD2E237D42001849B2 /* NSNumber.swift in Sources */,
				58678ED12DFA627C0035673E /* UIColor.swift in Sources */,
				58678ED22DFA627C0035673E /* WYPagingView.swift in Sources */,
				58678ED32DFA627C0035673E /* UIViewController.swift in Sources */,
				58FA61462E59FB1700E17F19 /* WYDecodingStorage.swift in Sources */,
				58FA61472E59FB1700E17F19 /* WYCodingKeysConverter.swift in Sources */,
				58FA61482E59FB1700E17F19 /* WYCodingKeyedDecodingContainer.swift in Sources */,
				58FA61492E59FB1700E17F19 /* WYCodableObjC.swift in Sources */,
				58FA614A2E59FB1700E17F19 /* WYCodableDefaultValue.swift in Sources */,
				58FA614B2E59FB1700E17F19 /* WYCodableUnkeyedContainer.swift in Sources */,
				58FA614C2E59FB1700E17F19 /* WYCodableAdapter.swift in Sources */,
				58FA614D2E59FB1700E17F19 /* WYDecoder.swift in Sources */,
				58678ED42DFA627C0035673E /* WYChatWithdrawnCell.swift in Sources */,
				58678ED62DFA627C0035673E /* WYChatTextCell.swift in Sources */,
				58678ED72DFA627C0035673E /* WYCodable.swift in Sources */,
				58678ED82DFA627C0035673E /* WYChatViewDelegateHandler.swift in Sources */,
				58678ED92DFA627C0035673E /* WYChatPhotoCell.swift in Sources */,
				58678EDA2DFA627C0035673E /* WYChatVoiceCell.swift in Sources */,
				58678EDB2DFA627C0035673E /* WYChatMusicCell.swift in Sources */,
				58678EDC2DFA627C0035673E /* Timer.swift in Sources */,
				58678EDF2DFA627C0035673E /* WYNetworkConfig.swift in Sources */,
				58678EE02DFA627C0035673E /* UIImage.swift in Sources */,
			);
			runOnlyForDeploymentPostprocessing = 0;
		};
/* End PBXSourcesBuildPhase section */

/* Begin PBXVariantGroup section */
		585B39662DF8125400E6E08F /* LaunchScreen.storyboard */ = {
			isa = PBXVariantGroup;
			children = (
				585B39652DF8125400E6E08F /* Base */,
			);
			name = LaunchScreen.storyboard;
			sourceTree = "<group>";
		};
		585B39682DF8125400E6E08F /* Main.storyboard */ = {
			isa = PBXVariantGroup;
			children = (
				585B39672DF8125400E6E08F /* Base */,
			);
			name = Main.storyboard;
			sourceTree = "<group>";
		};
/* End PBXVariantGroup section */

/* Begin XCBuildConfiguration section */
		585B35782DF8086D00E6E08F /* Debug */ = {
			isa = XCBuildConfiguration;
			baseConfigurationReference = 8B8A3708E351CE0BB9E30715 /* Pods-WYBasisKit.debug.xcconfig */;
			buildSettings = {
				ASSETCATALOG_COMPILER_APPICON_NAME = AppIcon;
				ASSETCATALOG_COMPILER_GLOBAL_ACCENT_COLOR_NAME = AccentColor;
				CODE_SIGN_STYLE = Automatic;
				CURRENT_PROJECT_VERSION = 1;
				DEVELOPMENT_TEAM = AAZ295K3HU;
				GENERATE_INFOPLIST_FILE = YES;
				INFOPLIST_FILE = WYBasisKit/Info.plist;
				INFOPLIST_KEY_CFBundleDisplayName = WYBasisKit;
				INFOPLIST_KEY_LSApplicationCategoryType = "public.app-category.developer-tools";
				INFOPLIST_KEY_UIApplicationSupportsIndirectInputEvents = YES;
				INFOPLIST_KEY_UILaunchStoryboardName = LaunchScreen.storyboard;
				INFOPLIST_KEY_UIMainStoryboardFile = Main;
				INFOPLIST_KEY_UISupportedInterfaceOrientations = UIInterfaceOrientationPortrait;
				IPHONEOS_DEPLOYMENT_TARGET = 13.0;
				LD_RUNPATH_SEARCH_PATHS = (
					"$(inherited)",
					"@executable_path/Frameworks",
				);
				MARKETING_VERSION = 1.0;
				PRODUCT_BUNDLE_IDENTIFIER = "com.guanren.WYBasisKit-swift.WYBasisKit";
				PRODUCT_NAME = "$(TARGET_NAME)";
				SWIFT_EMIT_LOC_STRINGS = YES;
				SWIFT_VERSION = 5.0;
				TARGETED_DEVICE_FAMILY = "1,2";
			};
			name = Debug;
		};
		585B35792DF8086D00E6E08F /* Release */ = {
			isa = XCBuildConfiguration;
			baseConfigurationReference = 53C1C8E1255F64288E08B8AC /* Pods-WYBasisKit.release.xcconfig */;
			buildSettings = {
				ASSETCATALOG_COMPILER_APPICON_NAME = AppIcon;
				ASSETCATALOG_COMPILER_GLOBAL_ACCENT_COLOR_NAME = AccentColor;
				CODE_SIGN_STYLE = Automatic;
				CURRENT_PROJECT_VERSION = 1;
				DEVELOPMENT_TEAM = AAZ295K3HU;
				GENERATE_INFOPLIST_FILE = YES;
				INFOPLIST_FILE = WYBasisKit/Info.plist;
				INFOPLIST_KEY_CFBundleDisplayName = WYBasisKit;
				INFOPLIST_KEY_LSApplicationCategoryType = "public.app-category.developer-tools";
				INFOPLIST_KEY_UIApplicationSupportsIndirectInputEvents = YES;
				INFOPLIST_KEY_UILaunchStoryboardName = LaunchScreen.storyboard;
				INFOPLIST_KEY_UIMainStoryboardFile = Main;
				INFOPLIST_KEY_UISupportedInterfaceOrientations = UIInterfaceOrientationPortrait;
				IPHONEOS_DEPLOYMENT_TARGET = 13.0;
				LD_RUNPATH_SEARCH_PATHS = (
					"$(inherited)",
					"@executable_path/Frameworks",
				);
				MARKETING_VERSION = 1.0;
				PRODUCT_BUNDLE_IDENTIFIER = "com.guanren.WYBasisKit-swift.WYBasisKit";
				PRODUCT_NAME = "$(TARGET_NAME)";
				SWIFT_EMIT_LOC_STRINGS = YES;
				SWIFT_VERSION = 5.0;
				TARGETED_DEVICE_FAMILY = "1,2";
			};
			name = Release;
		};
		585B357A2DF8086D00E6E08F /* Debug */ = {
			isa = XCBuildConfiguration;
			buildSettings = {
				ALWAYS_SEARCH_USER_PATHS = NO;
				ASSETCATALOG_COMPILER_GENERATE_SWIFT_ASSET_SYMBOL_EXTENSIONS = YES;
				CLANG_ANALYZER_NONNULL = YES;
				CLANG_ANALYZER_NUMBER_OBJECT_CONVERSION = YES_AGGRESSIVE;
				CLANG_CXX_LANGUAGE_STANDARD = "gnu++20";
				CLANG_ENABLE_MODULES = YES;
				CLANG_ENABLE_OBJC_ARC = YES;
				CLANG_ENABLE_OBJC_WEAK = YES;
				CLANG_WARN_BLOCK_CAPTURE_AUTORELEASING = YES;
				CLANG_WARN_BOOL_CONVERSION = YES;
				CLANG_WARN_COMMA = YES;
				CLANG_WARN_CONSTANT_CONVERSION = YES;
				CLANG_WARN_DEPRECATED_OBJC_IMPLEMENTATIONS = YES;
				CLANG_WARN_DIRECT_OBJC_ISA_USAGE = YES_ERROR;
				CLANG_WARN_DOCUMENTATION_COMMENTS = YES;
				CLANG_WARN_EMPTY_BODY = YES;
				CLANG_WARN_ENUM_CONVERSION = YES;
				CLANG_WARN_INFINITE_RECURSION = YES;
				CLANG_WARN_INT_CONVERSION = YES;
				CLANG_WARN_NON_LITERAL_NULL_CONVERSION = YES;
				CLANG_WARN_OBJC_IMPLICIT_RETAIN_SELF = YES;
				CLANG_WARN_OBJC_LITERAL_CONVERSION = YES;
				CLANG_WARN_OBJC_ROOT_CLASS = YES_ERROR;
				CLANG_WARN_QUOTED_INCLUDE_IN_FRAMEWORK_HEADER = YES;
				CLANG_WARN_RANGE_LOOP_ANALYSIS = YES;
				CLANG_WARN_STRICT_PROTOTYPES = YES;
				CLANG_WARN_SUSPICIOUS_MOVE = YES;
				CLANG_WARN_UNGUARDED_AVAILABILITY = YES_AGGRESSIVE;
				CLANG_WARN_UNREACHABLE_CODE = YES;
				CLANG_WARN__DUPLICATE_METHOD_MATCH = YES;
				COPY_PHASE_STRIP = NO;
				DEBUG_INFORMATION_FORMAT = dwarf;
				DEVELOPMENT_TEAM = 48Q2YZZG66;
				ENABLE_STRICT_OBJC_MSGSEND = YES;
				ENABLE_TESTABILITY = YES;
				"EXCLUDED_ARCHS[sdk=iphonesimulator*]" = arm64;
				GCC_C_LANGUAGE_STANDARD = gnu17;
				GCC_DYNAMIC_NO_PIC = NO;
				GCC_NO_COMMON_BLOCKS = YES;
				GCC_OPTIMIZATION_LEVEL = 0;
				GCC_PREPROCESSOR_DEFINITIONS = (
					"DEBUG=1",
					"$(inherited)",
				);
				GCC_WARN_64_TO_32_BIT_CONVERSION = YES;
				GCC_WARN_ABOUT_RETURN_TYPE = YES_ERROR;
				GCC_WARN_UNDECLARED_SELECTOR = YES;
				GCC_WARN_UNINITIALIZED_AUTOS = YES_AGGRESSIVE;
				GCC_WARN_UNUSED_FUNCTION = YES;
				GCC_WARN_UNUSED_VARIABLE = YES;
				IPHONEOS_DEPLOYMENT_TARGET = 13.0;
				LOCALIZATION_PREFERS_STRING_CATALOGS = YES;
				MTL_ENABLE_DEBUG_INFO = INCLUDE_SOURCE;
				MTL_FAST_MATH = YES;
				ONLY_ACTIVE_ARCH = YES;
				SDKROOT = iphoneos;
				SWIFT_ACTIVE_COMPILATION_CONDITIONS = "DEBUG $(inherited)";
				SWIFT_OPTIMIZATION_LEVEL = "-Onone";
			};
			name = Debug;
		};
		585B357B2DF8086D00E6E08F /* Release */ = {
			isa = XCBuildConfiguration;
			buildSettings = {
				ALWAYS_SEARCH_USER_PATHS = NO;
				ASSETCATALOG_COMPILER_GENERATE_SWIFT_ASSET_SYMBOL_EXTENSIONS = YES;
				CLANG_ANALYZER_NONNULL = YES;
				CLANG_ANALYZER_NUMBER_OBJECT_CONVERSION = YES_AGGRESSIVE;
				CLANG_CXX_LANGUAGE_STANDARD = "gnu++20";
				CLANG_ENABLE_MODULES = YES;
				CLANG_ENABLE_OBJC_ARC = YES;
				CLANG_ENABLE_OBJC_WEAK = YES;
				CLANG_WARN_BLOCK_CAPTURE_AUTORELEASING = YES;
				CLANG_WARN_BOOL_CONVERSION = YES;
				CLANG_WARN_COMMA = YES;
				CLANG_WARN_CONSTANT_CONVERSION = YES;
				CLANG_WARN_DEPRECATED_OBJC_IMPLEMENTATIONS = YES;
				CLANG_WARN_DIRECT_OBJC_ISA_USAGE = YES_ERROR;
				CLANG_WARN_DOCUMENTATION_COMMENTS = YES;
				CLANG_WARN_EMPTY_BODY = YES;
				CLANG_WARN_ENUM_CONVERSION = YES;
				CLANG_WARN_INFINITE_RECURSION = YES;
				CLANG_WARN_INT_CONVERSION = YES;
				CLANG_WARN_NON_LITERAL_NULL_CONVERSION = YES;
				CLANG_WARN_OBJC_IMPLICIT_RETAIN_SELF = YES;
				CLANG_WARN_OBJC_LITERAL_CONVERSION = YES;
				CLANG_WARN_OBJC_ROOT_CLASS = YES_ERROR;
				CLANG_WARN_QUOTED_INCLUDE_IN_FRAMEWORK_HEADER = YES;
				CLANG_WARN_RANGE_LOOP_ANALYSIS = YES;
				CLANG_WARN_STRICT_PROTOTYPES = YES;
				CLANG_WARN_SUSPICIOUS_MOVE = YES;
				CLANG_WARN_UNGUARDED_AVAILABILITY = YES_AGGRESSIVE;
				CLANG_WARN_UNREACHABLE_CODE = YES;
				CLANG_WARN__DUPLICATE_METHOD_MATCH = YES;
				COPY_PHASE_STRIP = NO;
				DEBUG_INFORMATION_FORMAT = "dwarf-with-dsym";
				DEVELOPMENT_TEAM = 48Q2YZZG66;
				ENABLE_NS_ASSERTIONS = NO;
				ENABLE_STRICT_OBJC_MSGSEND = YES;
				"EXCLUDED_ARCHS[sdk=iphonesimulator*]" = arm64;
				GCC_C_LANGUAGE_STANDARD = gnu17;
				GCC_NO_COMMON_BLOCKS = YES;
				GCC_WARN_64_TO_32_BIT_CONVERSION = YES;
				GCC_WARN_ABOUT_RETURN_TYPE = YES_ERROR;
				GCC_WARN_UNDECLARED_SELECTOR = YES;
				GCC_WARN_UNINITIALIZED_AUTOS = YES_AGGRESSIVE;
				GCC_WARN_UNUSED_FUNCTION = YES;
				GCC_WARN_UNUSED_VARIABLE = YES;
				IPHONEOS_DEPLOYMENT_TARGET = 13.0;
				LOCALIZATION_PREFERS_STRING_CATALOGS = YES;
				MTL_ENABLE_DEBUG_INFO = NO;
				MTL_FAST_MATH = YES;
				SDKROOT = iphoneos;
				SWIFT_COMPILATION_MODE = wholemodule;
				VALIDATE_PRODUCT = YES;
			};
			name = Release;
		};
/* End XCBuildConfiguration section */

/* Begin XCConfigurationList section */
		585B355F2DF8086C00E6E08F /* Build configuration list for PBXProject "WYBasisKit" */ = {
			isa = XCConfigurationList;
			buildConfigurations = (
				585B357A2DF8086D00E6E08F /* Debug */,
				585B357B2DF8086D00E6E08F /* Release */,
			);
			defaultConfigurationIsVisible = 0;
			defaultConfigurationName = Release;
		};
		585B35772DF8086D00E6E08F /* Build configuration list for PBXNativeTarget "WYBasisKit" */ = {
			isa = XCConfigurationList;
			buildConfigurations = (
				585B35782DF8086D00E6E08F /* Debug */,
				585B35792DF8086D00E6E08F /* Release */,
			);
			defaultConfigurationIsVisible = 0;
			defaultConfigurationName = Release;
		};
/* End XCConfigurationList section */
	};
	rootObject = 585B355C2DF8086C00E6E08F /* Project object */;
}
