// !$*UTF8*$!
{
	archiveVersion = 1;
	classes = {
	};
	objectVersion = 54;
	objects = {

/* Begin PBXBuildFile section */
		581955332E4DB9B800469F1A /* 世间美好与你环环相扣.mp3 in Resources */ = {isa = PBXBuildFile; fileRef = 581955322E4DB9B800469F1A /* 世间美好与你环环相扣.mp3 */; };
		585B3AA22DF819DC00E6E08F /* WYSpeechRecognitionController.xib in Resources */ = {isa = PBXBuildFile; fileRef = 585B3A662DF819DC00E6E08F /* WYSpeechRecognitionController.xib */; };
		585B3AA32DF819DC00E6E08F /* [666].gif in Resources */ = {isa = PBXBuildFile; fileRef = 585B3A8C2DF819DC00E6E08F /* [666].gif */; };
		585B3AA42DF819DC00E6E08F /* 1650855755919.mp4 in Resources */ = {isa = PBXBuildFile; fileRef = 585B3A8D2DF819DC00E6E08F /* 1650855755919.mp4 */; };
		585B3AA52DF819DC00E6E08F /* 动图1.gif in Resources */ = {isa = PBXBuildFile; fileRef = 585B3A8E2DF819DC00E6E08F /* 动图1.gif */; };
		585B3AA62DF819DC00E6E08F /* 动图2.gif in Resources */ = {isa = PBXBuildFile; fileRef = 585B3A8F2DF819DC00E6E08F /* 动图2.gif */; };
		585B3AA72DF819DC00E6E08F /* apng_[666].png in Resources */ = {isa = PBXBuildFile; fileRef = 585B3A902DF819DC00E6E08F /* apng_[666].png */; };
		585B3AA82DF819DC00E6E08F /* apng格式图片1.png in Resources */ = {isa = PBXBuildFile; fileRef = 585B3A912DF819DC00E6E08F /* apng格式图片1.png */; };
		585B3AA92DF819DC00E6E08F /* apng格式图片2.png in Resources */ = {isa = PBXBuildFile; fileRef = 585B3A922DF819DC00E6E08F /* apng格式图片2.png */; };
		585B3AAA2DF819DC00E6E08F /* mpeg4_local.mp4 in Resources */ = {isa = PBXBuildFile; fileRef = 585B3A932DF819DC00E6E08F /* mpeg4_local.mp4 */; };
		585B3AAB2DF819DC00E6E08F /* [爱心].png in Resources */ = {isa = PBXBuildFile; fileRef = 585B3A952DF819DC00E6E08F /* [爱心].png */; };
		585B3AAC2DF819DC00E6E08F /* [唇].png in Resources */ = {isa = PBXBuildFile; fileRef = 585B3A962DF819DC00E6E08F /* [唇].png */; };
		585B3AAD2DF819DC00E6E08F /* [喝彩].png in Resources */ = {isa = PBXBuildFile; fileRef = 585B3A972DF819DC00E6E08F /* [喝彩].png */; };
		585B3AAE2DF819DC00E6E08F /* Assets.xcassets in Resources */ = {isa = PBXBuildFile; fileRef = 585B3A992DF819DC00E6E08F /* Assets.xcassets */; };
		585B3AB02DF819DC00E6E08F /* LaunchScreen.storyboard in Resources */ = {isa = PBXBuildFile; fileRef = 585B3A9C2DF819DC00E6E08F /* LaunchScreen.storyboard */; };
		585B3AB12DF819DC00E6E08F /* Main.storyboard in Resources */ = {isa = PBXBuildFile; fileRef = 585B3A9E2DF819DC00E6E08F /* Main.storyboard */; };
		585B3AB22DF819DC00E6E08F /* WYTestDarkNightModeController.swift in Sources */ = {isa = PBXBuildFile; fileRef = 585B3A4A2DF819DC00E6E08F /* WYTestDarkNightModeController.swift */; };
		585B3AB32DF819DC00E6E08F /* WYTestVisualController.swift in Sources */ = {isa = PBXBuildFile; fileRef = 585B3A4C2DF819DC00E6E08F /* WYTestVisualController.swift */; };
		585B3AB42DF819DC00E6E08F /* WYQRCodeController.swift in Sources */ = {isa = PBXBuildFile; fileRef = 585B3A4E2DF819DC00E6E08F /* WYQRCodeController.swift */; };
		585B3AB52DF819DC00E6E08F /* SDKRequest.swift in Sources */ = {isa = PBXBuildFile; fileRef = 585B3A502DF819DC00E6E08F /* SDKRequest.swift */; };
		585B3AB62DF819DC00E6E08F /* SDKRequestContext.swift in Sources */ = {isa = PBXBuildFile; fileRef = 585B3A512DF819DC00E6E08F /* SDKRequestContext.swift */; };
		585B3AB72DF819DC00E6E08F /* SDKResponse.swift in Sources */ = {isa = PBXBuildFile; fileRef = 585B3A522DF819DC00E6E08F /* SDKResponse.swift */; };
		585B3AB82DF819DC00E6E08F /* UserRequest.swift in Sources */ = {isa = PBXBuildFile; fileRef = 585B3A532DF819DC00E6E08F /* UserRequest.swift */; };
		585B3AB92DF819DC00E6E08F /* UserResponse.swift in Sources */ = {isa = PBXBuildFile; fileRef = 585B3A542DF819DC00E6E08F /* UserResponse.swift */; };
		585B3ABA2DF819DC00E6E08F /* WYGenericTypeController.swift in Sources */ = {isa = PBXBuildFile; fileRef = 585B3A552DF819DC00E6E08F /* WYGenericTypeController.swift */; };
		585B3ABB2DF819DC00E6E08F /* WYOffLineMethodController.swift in Sources */ = {isa = PBXBuildFile; fileRef = 585B3A572DF819DC00E6E08F /* WYOffLineMethodController.swift */; };
		585B3ABC2DF819DC00E6E08F /* WYTestInterfaceOrientationController.swift in Sources */ = {isa = PBXBuildFile; fileRef = 585B3A592DF819DC00E6E08F /* WYTestInterfaceOrientationController.swift */; };
		585B3ABD2DF819DC00E6E08F /* CollectionReusableFooterView.swift in Sources */ = {isa = PBXBuildFile; fileRef = 585B3A5B2DF819DC00E6E08F /* CollectionReusableFooterView.swift */; };
		585B3ABE2DF819DC00E6E08F /* CollectionReusableHeaderView.swift in Sources */ = {isa = PBXBuildFile; fileRef = 585B3A5C2DF819DC00E6E08F /* CollectionReusableHeaderView.swift */; };
		585B3ABF2DF819DC00E6E08F /* WYFlowLayoutAlignmentController.swift in Sources */ = {isa = PBXBuildFile; fileRef = 585B3A5D2DF819DC00E6E08F /* WYFlowLayoutAlignmentController.swift */; };
		585B3AC02DF819DC00E6E08F /* WYTestRequestController.swift in Sources */ = {isa = PBXBuildFile; fileRef = 585B3A5F2DF819DC00E6E08F /* WYTestRequestController.swift */; };
		585B3AC12DF819DC00E6E08F /* WYMultilevelTableViewController.swift in Sources */ = {isa = PBXBuildFile; fileRef = 585B3A612DF819DC00E6E08F /* WYMultilevelTableViewController.swift */; };
		585B3AC22DF819DC00E6E08F /* WYTestDownloadController.swift in Sources */ = {isa = PBXBuildFile; fileRef = 585B3A632DF819DC00E6E08F /* WYTestDownloadController.swift */; };
		585B3AC32DF819DC00E6E08F /* WYSpeechRecognitionController.swift in Sources */ = {isa = PBXBuildFile; fileRef = 585B3A652DF819DC00E6E08F /* WYSpeechRecognitionController.swift */; };
		585B3AC42DF819DC00E6E08F /* WYTestAnimationController.swift in Sources */ = {isa = PBXBuildFile; fileRef = 585B3A682DF819DC00E6E08F /* WYTestAnimationController.swift */; };
		585B3AC52DF819DC00E6E08F /* WYTestLiveStreamingController.swift in Sources */ = {isa = PBXBuildFile; fileRef = 585B3A6A2DF819DC00E6E08F /* WYTestLiveStreamingController.swift */; };
		585B3AC62DF819DC00E6E08F /* WYTestBannerController.swift in Sources */ = {isa = PBXBuildFile; fileRef = 585B3A6C2DF819DC00E6E08F /* WYTestBannerController.swift */; };
		585B3AC72DF819DC00E6E08F /* WYTestButtonEdgeInsetsController.swift in Sources */ = {isa = PBXBuildFile; fileRef = 585B3A6E2DF819DC00E6E08F /* WYTestButtonEdgeInsetsController.swift */; };
		585B3AC82DF819DC00E6E08F /* WYCenterController.swift in Sources */ = {isa = PBXBuildFile; fileRef = 585B3A702DF819DC00E6E08F /* WYCenterController.swift */; };
		585B3AC92DF819DC00E6E08F /* WYParseGifController.swift in Sources */ = {isa = PBXBuildFile; fileRef = 585B3A722DF819DC00E6E08F /* WYParseGifController.swift */; };
		585B3ACA2DF819DC00E6E08F /* WYTestChatController.swift in Sources */ = {isa = PBXBuildFile; fileRef = 585B3A742DF819DC00E6E08F /* WYTestChatController.swift */; };
		585B3ACB2DF819DC00E6E08F /* WYTestChatDataSource.swift in Sources */ = {isa = PBXBuildFile; fileRef = 585B3A752DF819DC00E6E08F /* WYTestChatDataSource.swift */; };
		585B3ACC2DF819DC00E6E08F /* WYLeftController.swift in Sources */ = {isa = PBXBuildFile; fileRef = 585B3A772DF819DC00E6E08F /* WYLeftController.swift */; };
		585B3ACD2DF819DC00E6E08F /* WYTestRichTextController.swift in Sources */ = {isa = PBXBuildFile; fileRef = 585B3A792DF819DC00E6E08F /* WYTestRichTextController.swift */; };
		585B3ACE2DF819DC00E6E08F /* WYRightController.swift in Sources */ = {isa = PBXBuildFile; fileRef = 585B3A7B2DF819DC00E6E08F /* WYRightController.swift */; };
		585B3ACF2DF819DC00E6E08F /* WYTableViewGroupedController.swift in Sources */ = {isa = PBXBuildFile; fileRef = 585B3A7D2DF819DC00E6E08F /* WYTableViewGroupedController.swift */; };
		585B3AD02DF819DC00E6E08F /* WYTableViewPlainController.swift in Sources */ = {isa = PBXBuildFile; fileRef = 585B3A7F2DF819DC00E6E08F /* WYTableViewPlainController.swift */; };
		585B3AD12DF819DC00E6E08F /* WYWebViewController.swift in Sources */ = {isa = PBXBuildFile; fileRef = 585B3A812DF819DC00E6E08F /* WYWebViewController.swift */; };
		585B3AD22DF819DC00E6E08F /* WYLeftControllerHeaderView.swift in Sources */ = {isa = PBXBuildFile; fileRef = 585B3A842DF819DC00E6E08F /* WYLeftControllerHeaderView.swift */; };
		585B3AD32DF819DC00E6E08F /* WYTestTableViewFooterView.swift in Sources */ = {isa = PBXBuildFile; fileRef = 585B3A852DF819DC00E6E08F /* WYTestTableViewFooterView.swift */; };
		585B3AD42DF819DC00E6E08F /* WYTestTableViewHeaderView.swift in Sources */ = {isa = PBXBuildFile; fileRef = 585B3A862DF819DC00E6E08F /* WYTestTableViewHeaderView.swift */; };
		585B3AD52DF819DC00E6E08F /* WYTestView.swift in Sources */ = {isa = PBXBuildFile; fileRef = 585B3A872DF819DC00E6E08F /* WYTestView.swift */; };
		585B3AD72DF819DC00E6E08F /* AppDelegate.swift in Sources */ = {isa = PBXBuildFile; fileRef = 585B3A982DF819DC00E6E08F /* AppDelegate.swift */; };
		585B3AD82DF819DC00E6E08F /* ViewController.swift in Sources */ = {isa = PBXBuildFile; fileRef = 585B3A9F2DF819DC00E6E08F /* ViewController.swift */; };
		585B3AD92DF819DC00E6E08F /* WYTabBarController.swift in Sources */ = {isa = PBXBuildFile; fileRef = 585B3AA02DF819DC00E6E08F /* WYTabBarController.swift */; };
		5882EAF12E518A5D00638FD3 /* WYTestVibrateController.swift in Sources */ = {isa = PBXBuildFile; fileRef = 5882EAF02E518A5D00638FD3 /* WYTestVibrateController.swift */; };
		589B0A3C2E49CE12000DBD10 /* bird.gif in Resources */ = {isa = PBXBuildFile; fileRef = 589B0A3B2E49CE12000DBD10 /* bird.gif */; };
		589B0A3D2E49CE12000DBD10 /* 彩色花.jpg in Resources */ = {isa = PBXBuildFile; fileRef = 589B0A292E49CE12000DBD10 /* 彩色花.jpg */; };
		589B0A3E2E49CE12000DBD10 /* 夕阳下的花.png in Resources */ = {isa = PBXBuildFile; fileRef = 589B0A372E49CE12000DBD10 /* 夕阳下的花.png */; };
		589B0A3F2E49CE12000DBD10 /* 粉色花.webp in Resources */ = {isa = PBXBuildFile; fileRef = 589B0A2C2E49CE12000DBD10 /* 粉色花.webp */; };
		589B0A402E49CE12000DBD10 /* 阳光蓝天下的花.jpg in Resources */ = {isa = PBXBuildFile; fileRef = 589B0A392E49CE12000DBD10 /* 阳光蓝天下的花.jpg */; };
		589B0A412E49CE12000DBD10 /* 红色爱心.jpg in Resources */ = {isa = PBXBuildFile; fileRef = 589B0A2E2E49CE12000DBD10 /* 红色爱心.jpg */; };
		589B0A422E49CE12000DBD10 /* 帆船.png in Resources */ = {isa = PBXBuildFile; fileRef = 589B0A2B2E49CE12000DBD10 /* 帆船.png */; };
		589B0A432E49CE12000DBD10 /* 樱花.png in Resources */ = {isa = PBXBuildFile; fileRef = 589B0A3A2E49CE12000DBD10 /* 樱花.png */; };
		589B0A442E49CE12000DBD10 /* 秋天的树.png in Resources */ = {isa = PBXBuildFile; fileRef = 589B0A322E49CE12000DBD10 /* 秋天的树.png */; };
		589B0A452E49CE12000DBD10 /* 沙滩上的花.png in Resources */ = {isa = PBXBuildFile; fileRef = 589B0A342E49CE12000DBD10 /* 沙滩上的花.png */; };
		589B0A462E49CE12000DBD10 /* 窗边的插画.png in Resources */ = {isa = PBXBuildFile; fileRef = 589B0A2A2E49CE12000DBD10 /* 窗边的插画.png */; };
		589B0A472E49CE12000DBD10 /* 沙滩.jpg in Resources */ = {isa = PBXBuildFile; fileRef = 589B0A332E49CE12000DBD10 /* 沙滩.jpg */; };
		589B0A482E49CE12000DBD10 /* 石头上的花.png in Resources */ = {isa = PBXBuildFile; fileRef = 589B0A362E49CE12000DBD10 /* 石头上的花.png */; };
		589B0A492E49CE12000DBD10 /* 风景.webp in Resources */ = {isa = PBXBuildFile; fileRef = 589B0A2D2E49CE12000DBD10 /* 风景.webp */; };
		589B0A4A2E49CE12000DBD10 /* 蓝天下的花.png in Resources */ = {isa = PBXBuildFile; fileRef = 589B0A312E49CE12000DBD10 /* 蓝天下的花.png */; };
		589B0A4B2E49CE12000DBD10 /* 阳光和窗户.png in Resources */ = {isa = PBXBuildFile; fileRef = 589B0A382E49CE12000DBD10 /* 阳光和窗户.png */; };
		589B0A4C2E49CE12000DBD10 /* 红色花.jpg in Resources */ = {isa = PBXBuildFile; fileRef = 589B0A2F2E49CE12000DBD10 /* 红色花.jpg */; };
		589B0A4D2E49CE12000DBD10 /* 冰啤.webp in Resources */ = {isa = PBXBuildFile; fileRef = 589B0A282E49CE12000DBD10 /* 冰啤.webp */; };
		589B0A4E2E49CE12000DBD10 /* 沙滩上的石头.png in Resources */ = {isa = PBXBuildFile; fileRef = 589B0A352E49CE12000DBD10 /* 沙滩上的石头.png */; };
		589B0A4F2E49CE12000DBD10 /* 蓝天下的红色花.png in Resources */ = {isa = PBXBuildFile; fileRef = 589B0A302E49CE12000DBD10 /* 蓝天下的红色花.png */; };
		58CDEE5D2E34907800ACE975 /* WYLogController.swift in Sources */ = {isa = PBXBuildFile; fileRef = 58CDEE5C2E34907800ACE975 /* WYLogController.swift */; };
		58E712812E4B0CE90095E71C /* TestAudioController.swift in Sources */ = {isa = PBXBuildFile; fileRef = 58E712802E4B0CE90095E71C /* TestAudioController.swift */; };
		7E0F5B7F80B997F8728719A0 /* Pods_SwiftVerify.framework in Frameworks */ = {isa = PBXBuildFile; fileRef = 10A3D97396AB19FF662A404E /* Pods_SwiftVerify.framework */; };
		AAA708702E1C11060040F2ED /* WYArchivedController.swift in Sources */ = {isa = PBXBuildFile; fileRef = AAA7086F2E1C11060040F2ED /* WYArchivedController.swift */; };
/* End PBXBuildFile section */

/* Begin PBXFileReference section */
		10A3D97396AB19FF662A404E /* Pods_SwiftVerify.framework */ = {isa = PBXFileReference; explicitFileType = wrapper.framework; includeInIndex = 0; path = Pods_SwiftVerify.framework; sourceTree = BUILT_PRODUCTS_DIR; };
		2DB9925AC3DD1E2ABC6B0159 /* Pods-WYBasisKitVerify.release.xcconfig */ = {isa = PBXFileReference; includeInIndex = 1; lastKnownFileType = text.xcconfig; name = "Pods-WYBasisKitVerify.release.xcconfig"; path = "Target Support Files/Pods-WYBasisKitVerify/Pods-WYBasisKitVerify.release.xcconfig"; sourceTree = "<group>"; };
		36C6640364725F7848269A13 /* Pods-WYBasisKitVerify.debug.xcconfig */ = {isa = PBXFileReference; includeInIndex = 1; lastKnownFileType = text.xcconfig; name = "Pods-WYBasisKitVerify.debug.xcconfig"; path = "Target Support Files/Pods-WYBasisKitVerify/Pods-WYBasisKitVerify.debug.xcconfig"; sourceTree = "<group>"; };
		581955322E4DB9B800469F1A /* 世间美好与你环环相扣.mp3 */ = {isa = PBXFileReference; lastKnownFileType = audio.mp3; path = "世间美好与你环环相扣.mp3"; sourceTree = "<group>"; };
		585B35432DF8081800E6E08F /* SwiftVerify.app */ = {isa = PBXFileReference; explicitFileType = wrapper.application; includeInIndex = 0; path = SwiftVerify.app; sourceTree = BUILT_PRODUCTS_DIR; };
		585B3A4A2DF819DC00E6E08F /* WYTestDarkNightModeController.swift */ = {isa = PBXFileReference; lastKnownFileType = sourcecode.swift; path = WYTestDarkNightModeController.swift; sourceTree = "<group>"; };
		585B3A4C2DF819DC00E6E08F /* WYTestVisualController.swift */ = {isa = PBXFileReference; lastKnownFileType = sourcecode.swift; path = WYTestVisualController.swift; sourceTree = "<group>"; };
		585B3A4E2DF819DC00E6E08F /* WYQRCodeController.swift */ = {isa = PBXFileReference; lastKnownFileType = sourcecode.swift; path = WYQRCodeController.swift; sourceTree = "<group>"; };
		585B3A502DF819DC00E6E08F /* SDKRequest.swift */ = {isa = PBXFileReference; lastKnownFileType = sourcecode.swift; path = SDKRequest.swift; sourceTree = "<group>"; };
		585B3A512DF819DC00E6E08F /* SDKRequestContext.swift */ = {isa = PBXFileReference; lastKnownFileType = sourcecode.swift; path = SDKRequestContext.swift; sourceTree = "<group>"; };
		585B3A522DF819DC00E6E08F /* SDKResponse.swift */ = {isa = PBXFileReference; lastKnownFileType = sourcecode.swift; path = SDKResponse.swift; sourceTree = "<group>"; };
		585B3A532DF819DC00E6E08F /* UserRequest.swift */ = {isa = PBXFileReference; lastKnownFileType = sourcecode.swift; path = UserRequest.swift; sourceTree = "<group>"; };
		585B3A542DF819DC00E6E08F /* UserResponse.swift */ = {isa = PBXFileReference; lastKnownFileType = sourcecode.swift; path = UserResponse.swift; sourceTree = "<group>"; };
		585B3A552DF819DC00E6E08F /* WYGenericTypeController.swift */ = {isa = PBXFileReference; lastKnownFileType = sourcecode.swift; path = WYGenericTypeController.swift; sourceTree = "<group>"; };
		585B3A572DF819DC00E6E08F /* WYOffLineMethodController.swift */ = {isa = PBXFileReference; lastKnownFileType = sourcecode.swift; path = WYOffLineMethodController.swift; sourceTree = "<group>"; };
		585B3A592DF819DC00E6E08F /* WYTestInterfaceOrientationController.swift */ = {isa = PBXFileReference; lastKnownFileType = sourcecode.swift; path = WYTestInterfaceOrientationController.swift; sourceTree = "<group>"; };
		585B3A5B2DF819DC00E6E08F /* CollectionReusableFooterView.swift */ = {isa = PBXFileReference; lastKnownFileType = sourcecode.swift; path = CollectionReusableFooterView.swift; sourceTree = "<group>"; };
		585B3A5C2DF819DC00E6E08F /* CollectionReusableHeaderView.swift */ = {isa = PBXFileReference; lastKnownFileType = sourcecode.swift; path = CollectionReusableHeaderView.swift; sourceTree = "<group>"; };
		585B3A5D2DF819DC00E6E08F /* WYFlowLayoutAlignmentController.swift */ = {isa = PBXFileReference; lastKnownFileType = sourcecode.swift; path = WYFlowLayoutAlignmentController.swift; sourceTree = "<group>"; };
		585B3A5F2DF819DC00E6E08F /* WYTestRequestController.swift */ = {isa = PBXFileReference; lastKnownFileType = sourcecode.swift; path = WYTestRequestController.swift; sourceTree = "<group>"; };
		585B3A612DF819DC00E6E08F /* WYMultilevelTableViewController.swift */ = {isa = PBXFileReference; lastKnownFileType = sourcecode.swift; path = WYMultilevelTableViewController.swift; sourceTree = "<group>"; };
		585B3A632DF819DC00E6E08F /* WYTestDownloadController.swift */ = {isa = PBXFileReference; lastKnownFileType = sourcecode.swift; path = WYTestDownloadController.swift; sourceTree = "<group>"; };
		585B3A652DF819DC00E6E08F /* WYSpeechRecognitionController.swift */ = {isa = PBXFileReference; lastKnownFileType = sourcecode.swift; path = WYSpeechRecognitionController.swift; sourceTree = "<group>"; };
		585B3A662DF819DC00E6E08F /* WYSpeechRecognitionController.xib */ = {isa = PBXFileReference; lastKnownFileType = file.xib; path = WYSpeechRecognitionController.xib; sourceTree = "<group>"; };
		585B3A682DF819DC00E6E08F /* WYTestAnimationController.swift */ = {isa = PBXFileReference; lastKnownFileType = sourcecode.swift; path = WYTestAnimationController.swift; sourceTree = "<group>"; };
		585B3A6A2DF819DC00E6E08F /* WYTestLiveStreamingController.swift */ = {isa = PBXFileReference; lastKnownFileType = sourcecode.swift; path = WYTestLiveStreamingController.swift; sourceTree = "<group>"; };
		585B3A6C2DF819DC00E6E08F /* WYTestBannerController.swift */ = {isa = PBXFileReference; lastKnownFileType = sourcecode.swift; path = WYTestBannerController.swift; sourceTree = "<group>"; };
		585B3A6E2DF819DC00E6E08F /* WYTestButtonEdgeInsetsController.swift */ = {isa = PBXFileReference; lastKnownFileType = sourcecode.swift; path = WYTestButtonEdgeInsetsController.swift; sourceTree = "<group>"; };
		585B3A702DF819DC00E6E08F /* WYCenterController.swift */ = {isa = PBXFileReference; lastKnownFileType = sourcecode.swift; path = WYCenterController.swift; sourceTree = "<group>"; };
		585B3A722DF819DC00E6E08F /* WYParseGifController.swift */ = {isa = PBXFileReference; lastKnownFileType = sourcecode.swift; path = WYParseGifController.swift; sourceTree = "<group>"; };
		585B3A742DF819DC00E6E08F /* WYTestChatController.swift */ = {isa = PBXFileReference; lastKnownFileType = sourcecode.swift; path = WYTestChatController.swift; sourceTree = "<group>"; };
		585B3A752DF819DC00E6E08F /* WYTestChatDataSource.swift */ = {isa = PBXFileReference; lastKnownFileType = sourcecode.swift; path = WYTestChatDataSource.swift; sourceTree = "<group>"; };
		585B3A772DF819DC00E6E08F /* WYLeftController.swift */ = {isa = PBXFileReference; lastKnownFileType = sourcecode.swift; path = WYLeftController.swift; sourceTree = "<group>"; };
		585B3A792DF819DC00E6E08F /* WYTestRichTextController.swift */ = {isa = PBXFileReference; lastKnownFileType = sourcecode.swift; path = WYTestRichTextController.swift; sourceTree = "<group>"; };
		585B3A7B2DF819DC00E6E08F /* WYRightController.swift */ = {isa = PBXFileReference; lastKnownFileType = sourcecode.swift; path = WYRightController.swift; sourceTree = "<group>"; };
		585B3A7D2DF819DC00E6E08F /* WYTableViewGroupedController.swift */ = {isa = PBXFileReference; lastKnownFileType = sourcecode.swift; path = WYTableViewGroupedController.swift; sourceTree = "<group>"; };
		585B3A7F2DF819DC00E6E08F /* WYTableViewPlainController.swift */ = {isa = PBXFileReference; lastKnownFileType = sourcecode.swift; path = WYTableViewPlainController.swift; sourceTree = "<group>"; };
		585B3A812DF819DC00E6E08F /* WYWebViewController.swift */ = {isa = PBXFileReference; lastKnownFileType = sourcecode.swift; path = WYWebViewController.swift; sourceTree = "<group>"; };
		585B3A842DF819DC00E6E08F /* WYLeftControllerHeaderView.swift */ = {isa = PBXFileReference; lastKnownFileType = sourcecode.swift; path = WYLeftControllerHeaderView.swift; sourceTree = "<group>"; };
		585B3A852DF819DC00E6E08F /* WYTestTableViewFooterView.swift */ = {isa = PBXFileReference; lastKnownFileType = sourcecode.swift; path = WYTestTableViewFooterView.swift; sourceTree = "<group>"; };
		585B3A862DF819DC00E6E08F /* WYTestTableViewHeaderView.swift */ = {isa = PBXFileReference; lastKnownFileType = sourcecode.swift; path = WYTestTableViewHeaderView.swift; sourceTree = "<group>"; };
		585B3A872DF819DC00E6E08F /* WYTestView.swift */ = {isa = PBXFileReference; lastKnownFileType = sourcecode.swift; path = WYTestView.swift; sourceTree = "<group>"; };
		585B3A8C2DF819DC00E6E08F /* [666].gif */ = {isa = PBXFileReference; lastKnownFileType = image.gif; path = "[666].gif"; sourceTree = "<group>"; };
		585B3A8D2DF819DC00E6E08F /* 1650855755919.mp4 */ = {isa = PBXFileReference; lastKnownFileType = file; path = 1650855755919.mp4; sourceTree = "<group>"; };
		585B3A8E2DF819DC00E6E08F /* 动图1.gif */ = {isa = PBXFileReference; lastKnownFileType = image.gif; path = "动图1.gif"; sourceTree = "<group>"; };
		585B3A8F2DF819DC00E6E08F /* 动图2.gif */ = {isa = PBXFileReference; lastKnownFileType = image.gif; path = "动图2.gif"; sourceTree = "<group>"; };
		585B3A902DF819DC00E6E08F /* apng_[666].png */ = {isa = PBXFileReference; lastKnownFileType = image.png; path = "apng_[666].png"; sourceTree = "<group>"; };
		585B3A912DF819DC00E6E08F /* apng格式图片1.png */ = {isa = PBXFileReference; lastKnownFileType = image.png; path = "apng格式图片1.png"; sourceTree = "<group>"; };
		585B3A922DF819DC00E6E08F /* apng格式图片2.png */ = {isa = PBXFileReference; lastKnownFileType = image.png; path = "apng格式图片2.png"; sourceTree = "<group>"; };
		585B3A932DF819DC00E6E08F /* mpeg4_local.mp4 */ = {isa = PBXFileReference; lastKnownFileType = file; path = mpeg4_local.mp4; sourceTree = "<group>"; };
		585B3A952DF819DC00E6E08F /* [爱心].png */ = {isa = PBXFileReference; lastKnownFileType = image.png; path = "[爱心].png"; sourceTree = "<group>"; };
		585B3A962DF819DC00E6E08F /* [唇].png */ = {isa = PBXFileReference; lastKnownFileType = image.png; path = "[唇].png"; sourceTree = "<group>"; };
		585B3A972DF819DC00E6E08F /* [喝彩].png */ = {isa = PBXFileReference; lastKnownFileType = image.png; path = "[喝彩].png"; sourceTree = "<group>"; };
		585B3A982DF819DC00E6E08F /* AppDelegate.swift */ = {isa = PBXFileReference; lastKnownFileType = sourcecode.swift; path = AppDelegate.swift; sourceTree = "<group>"; };
		585B3A992DF819DC00E6E08F /* Assets.xcassets */ = {isa = PBXFileReference; lastKnownFileType = folder.assetcatalog; path = Assets.xcassets; sourceTree = "<group>"; };
		585B3A9A2DF819DC00E6E08F /* Info.plist */ = {isa = PBXFileReference; lastKnownFileType = text.plist.xml; path = Info.plist; sourceTree = "<group>"; };
		585B3A9B2DF819DC00E6E08F /* Base */ = {isa = PBXFileReference; lastKnownFileType = file.storyboard; name = Base; path = Base.lproj/LaunchScreen.storyboard; sourceTree = "<group>"; };
		585B3A9D2DF819DC00E6E08F /* Base */ = {isa = PBXFileReference; lastKnownFileType = file.storyboard; name = Base; path = Base.lproj/Main.storyboard; sourceTree = "<group>"; };
		585B3A9F2DF819DC00E6E08F /* ViewController.swift */ = {isa = PBXFileReference; lastKnownFileType = sourcecode.swift; path = ViewController.swift; sourceTree = "<group>"; };
		585B3AA02DF819DC00E6E08F /* WYTabBarController.swift */ = {isa = PBXFileReference; lastKnownFileType = sourcecode.swift; path = WYTabBarController.swift; sourceTree = "<group>"; };
		585B3ADB2DF8201F00E6E08F /* zh-Hans */ = {isa = PBXFileReference; lastKnownFileType = text.plist.strings; name = "zh-Hans"; path = "zh-Hans.lproj/LaunchScreen.strings"; sourceTree = "<group>"; };
		585B3ADD2DF8202500E6E08F /* zh-Hant */ = {isa = PBXFileReference; lastKnownFileType = text.plist.strings; name = "zh-Hant"; path = "zh-Hant.lproj/LaunchScreen.strings"; sourceTree = "<group>"; };
		5874BC852DF9176700703A4B /* zh-Hans */ = {isa = PBXFileReference; lastKnownFileType = text.plist.strings; name = "zh-Hans"; path = "zh-Hans.lproj/Main.strings"; sourceTree = "<group>"; };
		5874BC892DF9179300703A4B /* zh-Hant */ = {isa = PBXFileReference; lastKnownFileType = text.plist.strings; name = "zh-Hant"; path = "zh-Hant.lproj/Main.strings"; sourceTree = "<group>"; };
		5882EAF02E518A5D00638FD3 /* WYTestVibrateController.swift */ = {isa = PBXFileReference; lastKnownFileType = sourcecode.swift; path = WYTestVibrateController.swift; sourceTree = "<group>"; };
		589B0A282E49CE12000DBD10 /* 冰啤.webp */ = {isa = PBXFileReference; lastKnownFileType = file; path = "冰啤.webp"; sourceTree = "<group>"; };
		589B0A292E49CE12000DBD10 /* 彩色花.jpg */ = {isa = PBXFileReference; lastKnownFileType = image.jpeg; path = "彩色花.jpg"; sourceTree = "<group>"; };
		589B0A2A2E49CE12000DBD10 /* 窗边的插画.png */ = {isa = PBXFileReference; lastKnownFileType = image.png; path = "窗边的插画.png"; sourceTree = "<group>"; };
		589B0A2B2E49CE12000DBD10 /* 帆船.png */ = {isa = PBXFileReference; lastKnownFileType = image.png; path = "帆船.png"; sourceTree = "<group>"; };
		589B0A2C2E49CE12000DBD10 /* 粉色花.webp */ = {isa = PBXFileReference; lastKnownFileType = file; path = "粉色花.webp"; sourceTree = "<group>"; };
		589B0A2D2E49CE12000DBD10 /* 风景.webp */ = {isa = PBXFileReference; lastKnownFileType = file; path = "风景.webp"; sourceTree = "<group>"; };
		589B0A2E2E49CE12000DBD10 /* 红色爱心.jpg */ = {isa = PBXFileReference; lastKnownFileType = image.jpeg; path = "红色爱心.jpg"; sourceTree = "<group>"; };
		589B0A2F2E49CE12000DBD10 /* 红色花.jpg */ = {isa = PBXFileReference; lastKnownFileType = image.jpeg; path = "红色花.jpg"; sourceTree = "<group>"; };
		589B0A302E49CE12000DBD10 /* 蓝天下的红色花.png */ = {isa = PBXFileReference; lastKnownFileType = image.png; path = "蓝天下的红色花.png"; sourceTree = "<group>"; };
		589B0A312E49CE12000DBD10 /* 蓝天下的花.png */ = {isa = PBXFileReference; lastKnownFileType = image.png; path = "蓝天下的花.png"; sourceTree = "<group>"; };
		589B0A322E49CE12000DBD10 /* 秋天的树.png */ = {isa = PBXFileReference; lastKnownFileType = image.png; path = "秋天的树.png"; sourceTree = "<group>"; };
		589B0A332E49CE12000DBD10 /* 沙滩.jpg */ = {isa = PBXFileReference; lastKnownFileType = image.jpeg; path = "沙滩.jpg"; sourceTree = "<group>"; };
		589B0A342E49CE12000DBD10 /* 沙滩上的花.png */ = {isa = PBXFileReference; lastKnownFileType = image.png; path = "沙滩上的花.png"; sourceTree = "<group>"; };
		589B0A352E49CE12000DBD10 /* 沙滩上的石头.png */ = {isa = PBXFileReference; lastKnownFileType = image.png; path = "沙滩上的石头.png"; sourceTree = "<group>"; };
		589B0A362E49CE12000DBD10 /* 石头上的花.png */ = {isa = PBXFileReference; lastKnownFileType = image.png; path = "石头上的花.png"; sourceTree = "<group>"; };
		589B0A372E49CE12000DBD10 /* 夕阳下的花.png */ = {isa = PBXFileReference; lastKnownFileType = image.png; path = "夕阳下的花.png"; sourceTree = "<group>"; };
		589B0A382E49CE12000DBD10 /* 阳光和窗户.png */ = {isa = PBXFileReference; lastKnownFileType = image.png; path = "阳光和窗户.png"; sourceTree = "<group>"; };
		589B0A392E49CE12000DBD10 /* 阳光蓝天下的花.jpg */ = {isa = PBXFileReference; lastKnownFileType = image.jpeg; path = "阳光蓝天下的花.jpg"; sourceTree = "<group>"; };
		589B0A3A2E49CE12000DBD10 /* 樱花.png */ = {isa = PBXFileReference; lastKnownFileType = image.png; path = "樱花.png"; sourceTree = "<group>"; };
		589B0A3B2E49CE12000DBD10 /* bird.gif */ = {isa = PBXFileReference; lastKnownFileType = image.gif; path = bird.gif; sourceTree = "<group>"; };
		58CDEE5C2E34907800ACE975 /* WYLogController.swift */ = {isa = PBXFileReference; lastKnownFileType = sourcecode.swift; path = WYLogController.swift; sourceTree = "<group>"; };
		58E712802E4B0CE90095E71C /* TestAudioController.swift */ = {isa = PBXFileReference; lastKnownFileType = sourcecode.swift; path = TestAudioController.swift; sourceTree = "<group>"; };
		6E236AE8BDBD3FC3EBA4391C /* Pods-SwiftVerify.release.xcconfig */ = {isa = PBXFileReference; includeInIndex = 1; lastKnownFileType = text.xcconfig; name = "Pods-SwiftVerify.release.xcconfig"; path = "Target Support Files/Pods-SwiftVerify/Pods-SwiftVerify.release.xcconfig"; sourceTree = "<group>"; };
		750DB63A479784708837D846 /* Pods-SwiftVerify.debug.xcconfig */ = {isa = PBXFileReference; includeInIndex = 1; lastKnownFileType = text.xcconfig; name = "Pods-SwiftVerify.debug.xcconfig"; path = "Target Support Files/Pods-SwiftVerify/Pods-SwiftVerify.debug.xcconfig"; sourceTree = "<group>"; };
		AAA7086F2E1C11060040F2ED /* WYArchivedController.swift */ = {isa = PBXFileReference; lastKnownFileType = sourcecode.swift; path = WYArchivedController.swift; sourceTree = "<group>"; };
/* End PBXFileReference section */

/* Begin PBXFrameworksBuildPhase section */
		585B35402DF8081800E6E08F /* Frameworks */ = {
			isa = PBXFrameworksBuildPhase;
			buildActionMask = 2147483647;
			files = (
				7E0F5B7F80B997F8728719A0 /* Pods_SwiftVerify.framework in Frameworks */,
			);
			runOnlyForDeploymentPostprocessing = 0;
		};
/* End PBXFrameworksBuildPhase section */

/* Begin PBXGroup section */
		1EB2A98F0CB06C73BD244955 /* Pods */ = {
			isa = PBXGroup;
			children = (
				36C6640364725F7848269A13 /* Pods-WYBasisKitVerify.debug.xcconfig */,
				2DB9925AC3DD1E2ABC6B0159 /* Pods-WYBasisKitVerify.release.xcconfig */,
				750DB63A479784708837D846 /* Pods-SwiftVerify.debug.xcconfig */,
				6E236AE8BDBD3FC3EBA4391C /* Pods-SwiftVerify.release.xcconfig */,
			);
			name = Pods;
			path = ../Pods;
			sourceTree = "<group>";
		};
		585B353A2DF8081800E6E08F = {
			isa = PBXGroup;
			children = (
				585B3AA12DF819DC00E6E08F /* SwiftVerify */,
				585B35442DF8081800E6E08F /* Products */,
				1EB2A98F0CB06C73BD244955 /* Pods */,
				59C921CD84EA9D39B92C17B9 /* Frameworks */,
			);
			sourceTree = "<group>";
		};
		585B35442DF8081800E6E08F /* Products */ = {
			isa = PBXGroup;
			children = (
				585B35432DF8081800E6E08F /* SwiftVerify.app */,
			);
			name = Products;
			sourceTree = "<group>";
		};
		585B3A4B2DF819DC00E6E08F /* 暗夜、白昼模式 */ = {
			isa = PBXGroup;
			children = (
				585B3A4A2DF819DC00E6E08F /* WYTestDarkNightModeController.swift */,
			);
			path = "暗夜、白昼模式";
			sourceTree = "<group>";
		};
		585B3A4D2DF819DC00E6E08F /* 边框、圆角、阴影、渐变 */ = {
			isa = PBXGroup;
			children = (
				585B3A4C2DF819DC00E6E08F /* WYTestVisualController.swift */,
			);
			path = "边框、圆角、阴影、渐变";
			sourceTree = "<group>";
		};
		585B3A4F2DF819DC00E6E08F /* 二维码 */ = {
			isa = PBXGroup;
			children = (
				585B3A4E2DF819DC00E6E08F /* WYQRCodeController.swift */,
			);
			path = "二维码";
			sourceTree = "<group>";
		};
		585B3A562DF819DC00E6E08F /* 泛型 */ = {
			isa = PBXGroup;
			children = (
				585B3A502DF819DC00E6E08F /* SDKRequest.swift */,
				585B3A512DF819DC00E6E08F /* SDKRequestContext.swift */,
				585B3A522DF819DC00E6E08F /* SDKResponse.swift */,
				585B3A532DF819DC00E6E08F /* UserRequest.swift */,
				585B3A542DF819DC00E6E08F /* UserResponse.swift */,
				585B3A552DF819DC00E6E08F /* WYGenericTypeController.swift */,
			);
			path = "泛型";
			sourceTree = "<group>";
		};
		585B3A582DF819DC00E6E08F /* 离线方法调用 */ = {
			isa = PBXGroup;
			children = (
				585B3A572DF819DC00E6E08F /* WYOffLineMethodController.swift */,
			);
			path = "离线方法调用";
			sourceTree = "<group>";
		};
		585B3A5A2DF819DC00E6E08F /* 屏幕旋转 */ = {
			isa = PBXGroup;
			children = (
				585B3A592DF819DC00E6E08F /* WYTestInterfaceOrientationController.swift */,
			);
			path = "屏幕旋转";
			sourceTree = "<group>";
		};
		585B3A5E2DF819DC00E6E08F /* 瀑布流 */ = {
			isa = PBXGroup;
			children = (
				585B3A5B2DF819DC00E6E08F /* CollectionReusableFooterView.swift */,
				585B3A5C2DF819DC00E6E08F /* CollectionReusableHeaderView.swift */,
				585B3A5D2DF819DC00E6E08F /* WYFlowLayoutAlignmentController.swift */,
			);
			path = "瀑布流";
			sourceTree = "<group>";
		};
		585B3A602DF819DC00E6E08F /* 网络请求 */ = {
			isa = PBXGroup;
			children = (
				585B3A5F2DF819DC00E6E08F /* WYTestRequestController.swift */,
			);
			path = "网络请求";
			sourceTree = "<group>";
		};
		585B3A622DF819DC00E6E08F /* 无限层折叠TableView */ = {
			isa = PBXGroup;
			children = (
				585B3A612DF819DC00E6E08F /* WYMultilevelTableViewController.swift */,
			);
			path = "无限层折叠TableView";
			sourceTree = "<group>";
		};
		585B3A642DF819DC00E6E08F /* 下载 */ = {
			isa = PBXGroup;
			children = (
				585B3A632DF819DC00E6E08F /* WYTestDownloadController.swift */,
			);
			path = "下载";
			sourceTree = "<group>";
		};
		585B3A672DF819DC00E6E08F /* 语音识别 */ = {
			isa = PBXGroup;
			children = (
				585B3A652DF819DC00E6E08F /* WYSpeechRecognitionController.swift */,
				585B3A662DF819DC00E6E08F /* WYSpeechRecognitionController.xib */,
			);
			path = "语音识别";
			sourceTree = "<group>";
		};
		585B3A692DF819DC00E6E08F /* 约束view添加动画 */ = {
			isa = PBXGroup;
			children = (
				585B3A682DF819DC00E6E08F /* WYTestAnimationController.swift */,
			);
			path = "约束view添加动画";
			sourceTree = "<group>";
		};
		585B3A6B2DF819DC00E6E08F /* 直播、点播播放器 */ = {
			isa = PBXGroup;
			children = (
				585B3A6A2DF819DC00E6E08F /* WYTestLiveStreamingController.swift */,
			);
			path = "直播、点播播放器";
			sourceTree = "<group>";
		};
		585B3A6D2DF819DC00E6E08F /* Banner */ = {
			isa = PBXGroup;
			children = (
				585B3A6C2DF819DC00E6E08F /* WYTestBannerController.swift */,
			);
			path = Banner;
			sourceTree = "<group>";
		};
		585B3A6F2DF819DC00E6E08F /* ButtonEdgeInsets */ = {
			isa = PBXGroup;
			children = (
				585B3A6E2DF819DC00E6E08F /* WYTestButtonEdgeInsetsController.swift */,
			);
			path = ButtonEdgeInsets;
			sourceTree = "<group>";
		};
		585B3A712DF819DC00E6E08F /* center */ = {
			isa = PBXGroup;
			children = (
				585B3A702DF819DC00E6E08F /* WYCenterController.swift */,
			);
			path = center;
			sourceTree = "<group>";
		};
		585B3A732DF819DC00E6E08F /* Gif */ = {
			isa = PBXGroup;
			children = (
				585B3A722DF819DC00E6E08F /* WYParseGifController.swift */,
			);
			path = Gif;
			sourceTree = "<group>";
		};
		585B3A762DF819DC00E6E08F /* IM即时通讯 */ = {
			isa = PBXGroup;
			children = (
				585B3A742DF819DC00E6E08F /* WYTestChatController.swift */,
				585B3A752DF819DC00E6E08F /* WYTestChatDataSource.swift */,
			);
			path = "IM即时通讯";
			sourceTree = "<group>";
		};
		585B3A782DF819DC00E6E08F /* left */ = {
			isa = PBXGroup;
			children = (
				585B3A772DF819DC00E6E08F /* WYLeftController.swift */,
			);
			path = left;
			sourceTree = "<group>";
		};
		585B3A7A2DF819DC00E6E08F /* RichText */ = {
			isa = PBXGroup;
			children = (
				585B3A792DF819DC00E6E08F /* WYTestRichTextController.swift */,
			);
			path = RichText;
			sourceTree = "<group>";
		};
		585B3A7C2DF819DC00E6E08F /* right */ = {
			isa = PBXGroup;
			children = (
				585B3A7B2DF819DC00E6E08F /* WYRightController.swift */,
			);
			path = right;
			sourceTree = "<group>";
		};
		585B3A7E2DF819DC00E6E08F /* tableView.grouped */ = {
			isa = PBXGroup;
			children = (
				585B3A7D2DF819DC00E6E08F /* WYTableViewGroupedController.swift */,
			);
			path = tableView.grouped;
			sourceTree = "<group>";
		};
		585B3A802DF819DC00E6E08F /* tableView.plain */ = {
			isa = PBXGroup;
			children = (
				585B3A7F2DF819DC00E6E08F /* WYTableViewPlainController.swift */,
			);
			path = tableView.plain;
			sourceTree = "<group>";
		};
		585B3A822DF819DC00E6E08F /* WKWebView */ = {
			isa = PBXGroup;
			children = (
				585B3A812DF819DC00E6E08F /* WYWebViewController.swift */,
			);
			path = WKWebView;
			sourceTree = "<group>";
		};
		585B3A832DF819DC00E6E08F /* Controller */ = {
			isa = PBXGroup;
			children = (
				5882EAEF2E518A4900638FD3 /* 设备振动 */,
				58E7127F2E4B0CC30095E71C /* 音频录制与播放 */,
				58CDEE592E34900D00ACE975 /* 日志输出与保存 */,
				585B3A4B2DF819DC00E6E08F /* 暗夜、白昼模式 */,
				585B3A4D2DF819DC00E6E08F /* 边框、圆角、阴影、渐变 */,
				585B3A4F2DF819DC00E6E08F /* 二维码 */,
				585B3A562DF819DC00E6E08F /* 泛型 */,
				AAA7086B2E1C10AE0040F2ED /* 归档解归档 */,
				585B3A582DF819DC00E6E08F /* 离线方法调用 */,
				585B3A5A2DF819DC00E6E08F /* 屏幕旋转 */,
				585B3A5E2DF819DC00E6E08F /* 瀑布流 */,
				585B3A602DF819DC00E6E08F /* 网络请求 */,
				585B3A622DF819DC00E6E08F /* 无限层折叠TableView */,
				585B3A642DF819DC00E6E08F /* 下载 */,
				585B3A672DF819DC00E6E08F /* 语音识别 */,
				585B3A692DF819DC00E6E08F /* 约束view添加动画 */,
				585B3A6B2DF819DC00E6E08F /* 直播、点播播放器 */,
				585B3A6D2DF819DC00E6E08F /* Banner */,
				585B3A6F2DF819DC00E6E08F /* ButtonEdgeInsets */,
				585B3A712DF819DC00E6E08F /* center */,
				585B3A732DF819DC00E6E08F /* Gif */,
				585B3A762DF819DC00E6E08F /* IM即时通讯 */,
				585B3A782DF819DC00E6E08F /* left */,
				585B3A7A2DF819DC00E6E08F /* RichText */,
				585B3A7C2DF819DC00E6E08F /* right */,
				585B3A7E2DF819DC00E6E08F /* tableView.grouped */,
				585B3A802DF819DC00E6E08F /* tableView.plain */,
				585B3A822DF819DC00E6E08F /* WKWebView */,
			);
			path = Controller;
			sourceTree = "<group>";
		};
		585B3A882DF819DC00E6E08F /* View */ = {
			isa = PBXGroup;
			children = (
				585B3A842DF819DC00E6E08F /* WYLeftControllerHeaderView.swift */,
				585B3A852DF819DC00E6E08F /* WYTestTableViewFooterView.swift */,
				585B3A862DF819DC00E6E08F /* WYTestTableViewHeaderView.swift */,
				585B3A872DF819DC00E6E08F /* WYTestView.swift */,
			);
			path = View;
			sourceTree = "<group>";
		};
		585B3A892DF819DC00E6E08F /* Examples */ = {
			isa = PBXGroup;
			children = (
				585B3A832DF819DC00E6E08F /* Controller */,
				585B3A882DF819DC00E6E08F /* View */,
			);
			path = Examples;
			sourceTree = "<group>";
		};
		585B3A942DF819DC00E6E08F /* Resource */ = {
			isa = PBXGroup;
			children = (
				589B0A282E49CE12000DBD10 /* 冰啤.webp */,
				589B0A292E49CE12000DBD10 /* 彩色花.jpg */,
				589B0A2A2E49CE12000DBD10 /* 窗边的插画.png */,
				589B0A2B2E49CE12000DBD10 /* 帆船.png */,
				589B0A2C2E49CE12000DBD10 /* 粉色花.webp */,
				589B0A2D2E49CE12000DBD10 /* 风景.webp */,
				589B0A2E2E49CE12000DBD10 /* 红色爱心.jpg */,
				589B0A2F2E49CE12000DBD10 /* 红色花.jpg */,
				589B0A302E49CE12000DBD10 /* 蓝天下的红色花.png */,
				589B0A312E49CE12000DBD10 /* 蓝天下的花.png */,
				589B0A322E49CE12000DBD10 /* 秋天的树.png */,
				589B0A332E49CE12000DBD10 /* 沙滩.jpg */,
				589B0A342E49CE12000DBD10 /* 沙滩上的花.png */,
				589B0A352E49CE12000DBD10 /* 沙滩上的石头.png */,
				589B0A362E49CE12000DBD10 /* 石头上的花.png */,
				589B0A372E49CE12000DBD10 /* 夕阳下的花.png */,
				589B0A382E49CE12000DBD10 /* 阳光和窗户.png */,
				589B0A392E49CE12000DBD10 /* 阳光蓝天下的花.jpg */,
				589B0A3A2E49CE12000DBD10 /* 樱花.png */,
				589B0A3B2E49CE12000DBD10 /* bird.gif */,
				585B3A8C2DF819DC00E6E08F /* [666].gif */,
				585B3A8D2DF819DC00E6E08F /* 1650855755919.mp4 */,
				585B3A8E2DF819DC00E6E08F /* 动图1.gif */,
				585B3A8F2DF819DC00E6E08F /* 动图2.gif */,
				585B3A902DF819DC00E6E08F /* apng_[666].png */,
				585B3A912DF819DC00E6E08F /* apng格式图片1.png */,
				585B3A922DF819DC00E6E08F /* apng格式图片2.png */,
				585B3A932DF819DC00E6E08F /* mpeg4_local.mp4 */,
			);
			path = Resource;
			sourceTree = "<group>";
		};
		585B3AA12DF819DC00E6E08F /* SwiftVerify */ = {
			isa = PBXGroup;
			children = (
				585B3A892DF819DC00E6E08F /* Examples */,
				585B3A942DF819DC00E6E08F /* Resource */,
				585B3A952DF819DC00E6E08F /* [爱心].png */,
				585B3A962DF819DC00E6E08F /* [唇].png */,
				585B3A972DF819DC00E6E08F /* [喝彩].png */,
				581955322E4DB9B800469F1A /* 世间美好与你环环相扣.mp3 */,
				585B3A982DF819DC00E6E08F /* AppDelegate.swift */,
				585B3A9F2DF819DC00E6E08F /* ViewController.swift */,
				585B3AA02DF819DC00E6E08F /* WYTabBarController.swift */,
				585B3A992DF819DC00E6E08F /* Assets.xcassets */,
				585B3A9A2DF819DC00E6E08F /* Info.plist */,
				585B3A9C2DF819DC00E6E08F /* LaunchScreen.storyboard */,
				585B3A9E2DF819DC00E6E08F /* Main.storyboard */,
			);
			path = SwiftVerify;
			sourceTree = "<group>";
		};
		5882EAEF2E518A4900638FD3 /* 设备振动 */ = {
			isa = PBXGroup;
			children = (
				5882EAF02E518A5D00638FD3 /* WYTestVibrateController.swift */,
			);
			path = "设备振动";
			sourceTree = "<group>";
		};
		58CDEE592E34900D00ACE975 /* 日志输出与保存 */ = {
			isa = PBXGroup;
			children = (
				58CDEE5C2E34907800ACE975 /* WYLogController.swift */,
			);
			path = "日志输出与保存";
			sourceTree = "<group>";
		};
		58E7127F2E4B0CC30095E71C /* 音频录制与播放 */ = {
			isa = PBXGroup;
			children = (
				58E712802E4B0CE90095E71C /* TestAudioController.swift */,
			);
			path = "音频录制与播放";
			sourceTree = "<group>";
		};
		59C921CD84EA9D39B92C17B9 /* Frameworks */ = {
			isa = PBXGroup;
			children = (
				10A3D97396AB19FF662A404E /* Pods_SwiftVerify.framework */,
			);
			name = Frameworks;
			sourceTree = "<group>";
		};
		AAA7086B2E1C10AE0040F2ED /* 归档解归档 */ = {
			isa = PBXGroup;
			children = (
				AAA7086F2E1C11060040F2ED /* WYArchivedController.swift */,
			);
			path = "归档解归档";
			sourceTree = "<group>";
		};
/* End PBXGroup section */

/* Begin PBXNativeTarget section */
		585B35422DF8081800E6E08F /* SwiftVerify */ = {
			isa = PBXNativeTarget;
			buildConfigurationList = 585B35562DF8081900E6E08F /* Build configuration list for PBXNativeTarget "SwiftVerify" */;
			buildPhases = (
				C3C2EF56AB0D9126FDA130CD /* [CP] Check Pods Manifest.lock */,
				585B353F2DF8081800E6E08F /* Sources */,
				585B35402DF8081800E6E08F /* Frameworks */,
				585B35412DF8081800E6E08F /* Resources */,
				7A623E1F3422EA687315B2FE /* [CP] Embed Pods Frameworks */,
				6C3645E542F860EF4BEE989D /* [CP] Copy Pods Resources */,
			);
			buildRules = (
			);
			dependencies = (
			);
			name = SwiftVerify;
			productName = WYBasisKitVerify;
			productReference = 585B35432DF8081800E6E08F /* SwiftVerify.app */;
			productType = "com.apple.product-type.application";
		};
/* End PBXNativeTarget section */

/* Begin PBXProject section */
		585B353B2DF8081800E6E08F /* Project object */ = {
			isa = PBXProject;
			attributes = {
				BuildIndependentTargetsInParallel = 1;
				LastSwiftUpdateCheck = 1420;
				LastUpgradeCheck = 1420;
				TargetAttributes = {
					585B35422DF8081800E6E08F = {
						CreatedOnToolsVersion = 14.2;
						LastSwiftMigration = 1420;
					};
				};
			};
			buildConfigurationList = 585B353E2DF8081800E6E08F /* Build configuration list for PBXProject "SwiftVerify" */;
			compatibilityVersion = "Xcode 2.4";
			developmentRegion = en;
			hasScannedForEncodings = 0;
			knownRegions = (
				en,
				Base,
				"zh-Hans",
				"zh-Hant",
			);
			mainGroup = 585B353A2DF8081800E6E08F;
			productRefGroup = 585B35442DF8081800E6E08F /* Products */;
			projectDirPath = "";
			projectRoot = "";
			targets = (
				585B35422DF8081800E6E08F /* SwiftVerify */,
			);
		};
/* End PBXProject section */

/* Begin PBXResourcesBuildPhase section */
		585B35412DF8081800E6E08F /* Resources */ = {
			isa = PBXResourcesBuildPhase;
			buildActionMask = 2147483647;
			files = (
				585B3AA22DF819DC00E6E08F /* WYSpeechRecognitionController.xib in Resources */,
				585B3AA32DF819DC00E6E08F /* [666].gif in Resources */,
				585B3AA42DF819DC00E6E08F /* 1650855755919.mp4 in Resources */,
				585B3AA52DF819DC00E6E08F /* 动图1.gif in Resources */,
				585B3AA62DF819DC00E6E08F /* 动图2.gif in Resources */,
				585B3AA72DF819DC00E6E08F /* apng_[666].png in Resources */,
				585B3AA82DF819DC00E6E08F /* apng格式图片1.png in Resources */,
				585B3AA92DF819DC00E6E08F /* apng格式图片2.png in Resources */,
				581955332E4DB9B800469F1A /* 世间美好与你环环相扣.mp3 in Resources */,
				585B3AAA2DF819DC00E6E08F /* mpeg4_local.mp4 in Resources */,
				585B3AAB2DF819DC00E6E08F /* [爱心].png in Resources */,
				589B0A3C2E49CE12000DBD10 /* bird.gif in Resources */,
				589B0A3D2E49CE12000DBD10 /* 彩色花.jpg in Resources */,
				589B0A3E2E49CE12000DBD10 /* 夕阳下的花.png in Resources */,
				589B0A3F2E49CE12000DBD10 /* 粉色花.webp in Resources */,
				589B0A402E49CE12000DBD10 /* 阳光蓝天下的花.jpg in Resources */,
				589B0A412E49CE12000DBD10 /* 红色爱心.jpg in Resources */,
				589B0A422E49CE12000DBD10 /* 帆船.png in Resources */,
				589B0A432E49CE12000DBD10 /* 樱花.png in Resources */,
				589B0A442E49CE12000DBD10 /* 秋天的树.png in Resources */,
				589B0A452E49CE12000DBD10 /* 沙滩上的花.png in Resources */,
				589B0A462E49CE12000DBD10 /* 窗边的插画.png in Resources */,
				589B0A472E49CE12000DBD10 /* 沙滩.jpg in Resources */,
				589B0A482E49CE12000DBD10 /* 石头上的花.png in Resources */,
				589B0A492E49CE12000DBD10 /* 风景.webp in Resources */,
				589B0A4A2E49CE12000DBD10 /* 蓝天下的花.png in Resources */,
				589B0A4B2E49CE12000DBD10 /* 阳光和窗户.png in Resources */,
				589B0A4C2E49CE12000DBD10 /* 红色花.jpg in Resources */,
				589B0A4D2E49CE12000DBD10 /* 冰啤.webp in Resources */,
				589B0A4E2E49CE12000DBD10 /* 沙滩上的石头.png in Resources */,
				589B0A4F2E49CE12000DBD10 /* 蓝天下的红色花.png in Resources */,
				585B3AAC2DF819DC00E6E08F /* [唇].png in Resources */,
				585B3AAD2DF819DC00E6E08F /* [喝彩].png in Resources */,
				585B3AAE2DF819DC00E6E08F /* Assets.xcassets in Resources */,
				585B3AB02DF819DC00E6E08F /* LaunchScreen.storyboard in Resources */,
				585B3AB12DF819DC00E6E08F /* Main.storyboard in Resources */,
			);
			runOnlyForDeploymentPostprocessing = 0;
		};
/* End PBXResourcesBuildPhase section */

/* Begin PBXShellScriptBuildPhase section */
		6C3645E542F860EF4BEE989D /* [CP] Copy Pods Resources */ = {
			isa = PBXShellScriptBuildPhase;
			buildActionMask = 2147483647;
			files = (
			);
			inputPaths = (
				"${PODS_ROOT}/Target Support Files/Pods-SwiftVerify/Pods-SwiftVerify-resources.sh",
				"${PODS_CONFIGURATION_BUILD_DIR}/IJKPlayerKit/IJKPlayerKit.bundle",
				"${PODS_CONFIGURATION_BUILD_DIR}/WYBasisKit-swift/WYBasisKit.bundle",
				"${PODS_ROOT}/../WYBasisKit/WYBasisKit/WYBasisKit/Localizable/WYLocalizable.bundle",
				"${PODS_ROOT}/../WYBasisKit/WYBasisKit/WYBasisKit/Activity/WYActivity.bundle",
				"${PODS_CONFIGURATION_BUILD_DIR}/WYBasisKit-swift/WYBasisKitActivity.bundle",
				"${PODS_CONFIGURATION_BUILD_DIR}/WYBasisKit-swift/WYBasisKitAudioKit.bundle",
				"${PODS_CONFIGURATION_BUILD_DIR}/WYBasisKit-swift/WYBasisKitAuthorization.bundle",
				"${PODS_CONFIGURATION_BUILD_DIR}/WYBasisKit-swift/WYBasisKitAuthorizationBiometric.bundle",
				"${PODS_CONFIGURATION_BUILD_DIR}/WYBasisKit-swift/WYBasisKitAuthorizationCamera.bundle",
				"${PODS_CONFIGURATION_BUILD_DIR}/WYBasisKit-swift/WYBasisKitAuthorizationContacts.bundle",
				"${PODS_CONFIGURATION_BUILD_DIR}/WYBasisKit-swift/WYBasisKitAuthorizationMicrophone.bundle",
				"${PODS_CONFIGURATION_BUILD_DIR}/WYBasisKit-swift/WYBasisKitAuthorizationPhotoAlbums.bundle",
				"${PODS_CONFIGURATION_BUILD_DIR}/WYBasisKit-swift/WYBasisKitAuthorizationSpeechRecognition.bundle",
				"${PODS_CONFIGURATION_BUILD_DIR}/WYBasisKit-swift/WYBasisKitCodable.bundle",
				"${PODS_CONFIGURATION_BUILD_DIR}/WYBasisKit-swift/WYBasisKitConfig.bundle",
				"${PODS_CONFIGURATION_BUILD_DIR}/WYBasisKit-swift/WYBasisKitEventHandler.bundle",
				"${PODS_CONFIGURATION_BUILD_DIR}/WYBasisKit-swift/WYBasisKitExtension.bundle",
				"${PODS_CONFIGURATION_BUILD_DIR}/WYBasisKit-swift/WYBasisKitLayout.bundle",
				"${PODS_ROOT}/../WYBasisKit/WYBasisKit/WYBasisKit/Layout/BannerView/WYBannerView.bundle",
				"${PODS_CONFIGURATION_BUILD_DIR}/WYBasisKit-swift/WYBasisKitLayoutBannerView.bundle",
				"${PODS_ROOT}/../WYBasisKit/WYBasisKit/WYBasisKit/Layout/ChatView/WYChatView.bundle",
				"${PODS_CONFIGURATION_BUILD_DIR}/WYBasisKit-swift/WYBasisKitLayoutChatView.bundle",
				"${PODS_CONFIGURATION_BUILD_DIR}/WYBasisKit-swift/WYBasisKitMediaPlayerFS.bundle",
				"${PODS_CONFIGURATION_BUILD_DIR}/WYBasisKit-swift/WYBasisKitLayoutPagingView.bundle",
				"${PODS_CONFIGURATION_BUILD_DIR}/WYBasisKit-swift/WYBasisKitLayoutScrollText.bundle",
				"${PODS_CONFIGURATION_BUILD_DIR}/WYBasisKit-swift/WYBasisKitLocalizable.bundle",
				"${PODS_CONFIGURATION_BUILD_DIR}/WYBasisKit-swift/WYBasisKitLogManager.bundle",
				"${PODS_CONFIGURATION_BUILD_DIR}/WYBasisKit-swift/WYBasisKitNetworking.bundle",
				"${PODS_CONFIGURATION_BUILD_DIR}/WYBasisKit-swift/WYBasisKitStorage.bundle",
			);
			name = "[CP] Copy Pods Resources";
			outputPaths = (
				"${TARGET_BUILD_DIR}/${UNLOCALIZED_RESOURCES_FOLDER_PATH}/IJKPlayerKit.bundle",
				"${TARGET_BUILD_DIR}/${UNLOCALIZED_RESOURCES_FOLDER_PATH}/WYBasisKit.bundle",
				"${TARGET_BUILD_DIR}/${UNLOCALIZED_RESOURCES_FOLDER_PATH}/WYLocalizable.bundle",
				"${TARGET_BUILD_DIR}/${UNLOCALIZED_RESOURCES_FOLDER_PATH}/WYActivity.bundle",
				"${TARGET_BUILD_DIR}/${UNLOCALIZED_RESOURCES_FOLDER_PATH}/WYBasisKitActivity.bundle",
				"${TARGET_BUILD_DIR}/${UNLOCALIZED_RESOURCES_FOLDER_PATH}/WYBasisKitAudioKit.bundle",
				"${TARGET_BUILD_DIR}/${UNLOCALIZED_RESOURCES_FOLDER_PATH}/WYBasisKitAuthorization.bundle",
				"${TARGET_BUILD_DIR}/${UNLOCALIZED_RESOURCES_FOLDER_PATH}/WYBasisKitAuthorizationBiometric.bundle",
				"${TARGET_BUILD_DIR}/${UNLOCALIZED_RESOURCES_FOLDER_PATH}/WYBasisKitAuthorizationCamera.bundle",
				"${TARGET_BUILD_DIR}/${UNLOCALIZED_RESOURCES_FOLDER_PATH}/WYBasisKitAuthorizationContacts.bundle",
				"${TARGET_BUILD_DIR}/${UNLOCALIZED_RESOURCES_FOLDER_PATH}/WYBasisKitAuthorizationMicrophone.bundle",
				"${TARGET_BUILD_DIR}/${UNLOCALIZED_RESOURCES_FOLDER_PATH}/WYBasisKitAuthorizationPhotoAlbums.bundle",
				"${TARGET_BUILD_DIR}/${UNLOCALIZED_RESOURCES_FOLDER_PATH}/WYBasisKitAuthorizationSpeechRecognition.bundle",
				"${TARGET_BUILD_DIR}/${UNLOCALIZED_RESOURCES_FOLDER_PATH}/WYBasisKitCodable.bundle",
				"${TARGET_BUILD_DIR}/${UNLOCALIZED_RESOURCES_FOLDER_PATH}/WYBasisKitConfig.bundle",
				"${TARGET_BUILD_DIR}/${UNLOCALIZED_RESOURCES_FOLDER_PATH}/WYBasisKitEventHandler.bundle",
				"${TARGET_BUILD_DIR}/${UNLOCALIZED_RESOURCES_FOLDER_PATH}/WYBasisKitExtension.bundle",
				"${TARGET_BUILD_DIR}/${UNLOCALIZED_RESOURCES_FOLDER_PATH}/WYBasisKitLayout.bundle",
				"${TARGET_BUILD_DIR}/${UNLOCALIZED_RESOURCES_FOLDER_PATH}/WYBannerView.bundle",
				"${TARGET_BUILD_DIR}/${UNLOCALIZED_RESOURCES_FOLDER_PATH}/WYBasisKitLayoutBannerView.bundle",
				"${TARGET_BUILD_DIR}/${UNLOCALIZED_RESOURCES_FOLDER_PATH}/WYChatView.bundle",
				"${TARGET_BUILD_DIR}/${UNLOCALIZED_RESOURCES_FOLDER_PATH}/WYBasisKitLayoutChatView.bundle",
				"${TARGET_BUILD_DIR}/${UNLOCALIZED_RESOURCES_FOLDER_PATH}/WYBasisKitMediaPlayerFS.bundle",
				"${TARGET_BUILD_DIR}/${UNLOCALIZED_RESOURCES_FOLDER_PATH}/WYBasisKitLayoutPagingView.bundle",
				"${TARGET_BUILD_DIR}/${UNLOCALIZED_RESOURCES_FOLDER_PATH}/WYBasisKitLayoutScrollText.bundle",
				"${TARGET_BUILD_DIR}/${UNLOCALIZED_RESOURCES_FOLDER_PATH}/WYBasisKitLocalizable.bundle",
				"${TARGET_BUILD_DIR}/${UNLOCALIZED_RESOURCES_FOLDER_PATH}/WYBasisKitLogManager.bundle",
				"${TARGET_BUILD_DIR}/${UNLOCALIZED_RESOURCES_FOLDER_PATH}/WYBasisKitNetworking.bundle",
				"${TARGET_BUILD_DIR}/${UNLOCALIZED_RESOURCES_FOLDER_PATH}/WYBasisKitStorage.bundle",
			);
			runOnlyForDeploymentPostprocessing = 0;
			shellPath = /bin/sh;
			shellScript = "\"${PODS_ROOT}/Target Support Files/Pods-SwiftVerify/Pods-SwiftVerify-resources.sh\"\n";
			showEnvVarsInLog = 0;
		};
		7A623E1F3422EA687315B2FE /* [CP] Embed Pods Frameworks */ = {
			isa = PBXShellScriptBuildPhase;
			buildActionMask = 2147483647;
			files = (
			);
			inputPaths = (
				"${PODS_ROOT}/Target Support Files/Pods-SwiftVerify/Pods-SwiftVerify-frameworks.sh",
				"${BUILT_PRODUCTS_DIR}/Alamofire/Alamofire.framework",
				"${BUILT_PRODUCTS_DIR}/Kingfisher/Kingfisher.framework",
				"${BUILT_PRODUCTS_DIR}/Moya/Moya.framework",
				"${BUILT_PRODUCTS_DIR}/SnapKit/SnapKit.framework",
				"${BUILT_PRODUCTS_DIR}/IQKeyboardCore/IQKeyboardCore.framework",
				"${BUILT_PRODUCTS_DIR}/IQKeyboardManagerSwift/IQKeyboardManagerSwift.framework",
				"${BUILT_PRODUCTS_DIR}/IQKeyboardNotification/IQKeyboardNotification.framework",
				"${BUILT_PRODUCTS_DIR}/IQKeyboardReturnManager/IQKeyboardReturnManager.framework",
				"${BUILT_PRODUCTS_DIR}/IQKeyboardToolbar/IQKeyboardToolbar.framework",
				"${BUILT_PRODUCTS_DIR}/IQKeyboardToolbarManager/IQKeyboardToolbarManager.framework",
				"${BUILT_PRODUCTS_DIR}/IQTextInputViewNotification/IQTextInputViewNotification.framework",
				"${BUILT_PRODUCTS_DIR}/IQTextView/IQTextView.framework",
				"${PODS_XCFRAMEWORKS_BUILD_DIR}/IJKPlayerKit/FSPlayer.framework/FSPlayer",
			);
			name = "[CP] Embed Pods Frameworks";
			outputPaths = (
				"${TARGET_BUILD_DIR}/${FRAMEWORKS_FOLDER_PATH}/Alamofire.framework",
				"${TARGET_BUILD_DIR}/${FRAMEWORKS_FOLDER_PATH}/Kingfisher.framework",
				"${TARGET_BUILD_DIR}/${FRAMEWORKS_FOLDER_PATH}/Moya.framework",
				"${TARGET_BUILD_DIR}/${FRAMEWORKS_FOLDER_PATH}/SnapKit.framework",
				"${TARGET_BUILD_DIR}/${FRAMEWORKS_FOLDER_PATH}/IQKeyboardCore.framework",
				"${TARGET_BUILD_DIR}/${FRAMEWORKS_FOLDER_PATH}/IQKeyboardManagerSwift.framework",
				"${TARGET_BUILD_DIR}/${FRAMEWORKS_FOLDER_PATH}/IQKeyboardNotification.framework",
				"${TARGET_BUILD_DIR}/${FRAMEWORKS_FOLDER_PATH}/IQKeyboardReturnManager.framework",
				"${TARGET_BUILD_DIR}/${FRAMEWORKS_FOLDER_PATH}/IQKeyboardToolbar.framework",
				"${TARGET_BUILD_DIR}/${FRAMEWORKS_FOLDER_PATH}/IQKeyboardToolbarManager.framework",
				"${TARGET_BUILD_DIR}/${FRAMEWORKS_FOLDER_PATH}/IQTextInputViewNotification.framework",
				"${TARGET_BUILD_DIR}/${FRAMEWORKS_FOLDER_PATH}/IQTextView.framework",
				"${TARGET_BUILD_DIR}/${FRAMEWORKS_FOLDER_PATH}/FSPlayer.framework",
			);
			runOnlyForDeploymentPostprocessing = 0;
			shellPath = /bin/sh;
			shellScript = "\"${PODS_ROOT}/Target Support Files/Pods-SwiftVerify/Pods-SwiftVerify-frameworks.sh\"\n";
			showEnvVarsInLog = 0;
		};
		C3C2EF56AB0D9126FDA130CD /* [CP] Check Pods Manifest.lock */ = {
			isa = PBXShellScriptBuildPhase;
			buildActionMask = 2147483647;
			files = (
			);
			inputFileListPaths = (
			);
			inputPaths = (
				"${PODS_PODFILE_DIR_PATH}/Podfile.lock",
				"${PODS_ROOT}/Manifest.lock",
			);
			name = "[CP] Check Pods Manifest.lock";
			outputFileListPaths = (
			);
			outputPaths = (
				"$(DERIVED_FILE_DIR)/Pods-SwiftVerify-checkManifestLockResult.txt",
			);
			runOnlyForDeploymentPostprocessing = 0;
			shellPath = /bin/sh;
			shellScript = "diff \"${PODS_PODFILE_DIR_PATH}/Podfile.lock\" \"${PODS_ROOT}/Manifest.lock\" > /dev/null\nif [ $? != 0 ] ; then\n    # print error to STDERR\n    echo \"error: The sandbox is not in sync with the Podfile.lock. Run 'pod install' or update your CocoaPods installation.\" >&2\n    exit 1\nfi\n# This output is used by Xcode 'outputs' to avoid re-running this script phase.\necho \"SUCCESS\" > \"${SCRIPT_OUTPUT_FILE_0}\"\n";
			showEnvVarsInLog = 0;
		};
/* End PBXShellScriptBuildPhase section */

/* Begin PBXSourcesBuildPhase section */
		585B353F2DF8081800E6E08F /* Sources */ = {
			isa = PBXSourcesBuildPhase;
			buildActionMask = 2147483647;
			files = (
				585B3AB22DF819DC00E6E08F /* WYTestDarkNightModeController.swift in Sources */,
				585B3AB32DF819DC00E6E08F /* WYTestVisualController.swift in Sources */,
				585B3AB42DF819DC00E6E08F /* WYQRCodeController.swift in Sources */,
				585B3AB52DF819DC00E6E08F /* SDKRequest.swift in Sources */,
				58CDEE5D2E34907800ACE975 /* WYLogController.swift in Sources */,
				585B3AB62DF819DC00E6E08F /* SDKRequestContext.swift in Sources */,
				585B3AB72DF819DC00E6E08F /* SDKResponse.swift in Sources */,
				585B3AB82DF819DC00E6E08F /* UserRequest.swift in Sources */,
				585B3AB92DF819DC00E6E08F /* UserResponse.swift in Sources */,
				585B3ABA2DF819DC00E6E08F /* WYGenericTypeController.swift in Sources */,
				585B3ABB2DF819DC00E6E08F /* WYOffLineMethodController.swift in Sources */,
				585B3ABC2DF819DC00E6E08F /* WYTestInterfaceOrientationController.swift in Sources */,
				585B3ABD2DF819DC00E6E08F /* CollectionReusableFooterView.swift in Sources */,
				585B3ABE2DF819DC00E6E08F /* CollectionReusableHeaderView.swift in Sources */,
				585B3ABF2DF819DC00E6E08F /* WYFlowLayoutAlignmentController.swift in Sources */,
				585B3AC02DF819DC00E6E08F /* WYTestRequestController.swift in Sources */,
				585B3AC12DF819DC00E6E08F /* WYMultilevelTableViewController.swift in Sources */,
				585B3AC22DF819DC00E6E08F /* WYTestDownloadController.swift in Sources */,
				58E712812E4B0CE90095E71C /* TestAudioController.swift in Sources */,
				585B3AC32DF819DC00E6E08F /* WYSpeechRecognitionController.swift in Sources */,
				585B3AC42DF819DC00E6E08F /* WYTestAnimationController.swift in Sources */,
				585B3AC52DF819DC00E6E08F /* WYTestLiveStreamingController.swift in Sources */,
				585B3AC62DF819DC00E6E08F /* WYTestBannerController.swift in Sources */,
				585B3AC72DF819DC00E6E08F /* WYTestButtonEdgeInsetsController.swift in Sources */,
				585B3AC82DF819DC00E6E08F /* WYCenterController.swift in Sources */,
				585B3AC92DF819DC00E6E08F /* WYParseGifController.swift in Sources */,
				585B3ACA2DF819DC00E6E08F /* WYTestChatController.swift in Sources */,
				585B3ACB2DF819DC00E6E08F /* WYTestChatDataSource.swift in Sources */,
				585B3ACC2DF819DC00E6E08F /* WYLeftController.swift in Sources */,
				585B3ACD2DF819DC00E6E08F /* WYTestRichTextController.swift in Sources */,
				5882EAF12E518A5D00638FD3 /* WYTestVibrateController.swift in Sources */,
				585B3ACE2DF819DC00E6E08F /* WYRightController.swift in Sources */,
				585B3ACF2DF819DC00E6E08F /* WYTableViewGroupedController.swift in Sources */,
				585B3AD02DF819DC00E6E08F /* WYTableViewPlainController.swift in Sources */,
				585B3AD12DF819DC00E6E08F /* WYWebViewController.swift in Sources */,
				585B3AD22DF819DC00E6E08F /* WYLeftControllerHeaderView.swift in Sources */,
				585B3AD32DF819DC00E6E08F /* WYTestTableViewFooterView.swift in Sources */,
				585B3AD42DF819DC00E6E08F /* WYTestTableViewHeaderView.swift in Sources */,
				585B3AD52DF819DC00E6E08F /* WYTestView.swift in Sources */,
				585B3AD72DF819DC00E6E08F /* AppDelegate.swift in Sources */,
				585B3AD82DF819DC00E6E08F /* ViewController.swift in Sources */,
				585B3AD92DF819DC00E6E08F /* WYTabBarController.swift in Sources */,
				AAA708702E1C11060040F2ED /* WYArchivedController.swift in Sources */,
			);
			runOnlyForDeploymentPostprocessing = 0;
		};
/* End PBXSourcesBuildPhase section */

/* Begin PBXVariantGroup section */
		585B3A9C2DF819DC00E6E08F /* LaunchScreen.storyboard */ = {
			isa = PBXVariantGroup;
			children = (
				585B3A9B2DF819DC00E6E08F /* Base */,
				585B3ADB2DF8201F00E6E08F /* zh-Hans */,
				585B3ADD2DF8202500E6E08F /* zh-Hant */,
			);
			name = LaunchScreen.storyboard;
			sourceTree = "<group>";
		};
		585B3A9E2DF819DC00E6E08F /* Main.storyboard */ = {
			isa = PBXVariantGroup;
			children = (
				585B3A9D2DF819DC00E6E08F /* Base */,
				5874BC852DF9176700703A4B /* zh-Hans */,
				5874BC892DF9179300703A4B /* zh-Hant */,
			);
			name = Main.storyboard;
			sourceTree = "<group>";
		};
/* End PBXVariantGroup section */

/* Begin XCBuildConfiguration section */
		585B35572DF8081900E6E08F /* Debug */ = {
			isa = XCBuildConfiguration;
			baseConfigurationReference = 750DB63A479784708837D846 /* Pods-SwiftVerify.debug.xcconfig */;
			buildSettings = {
				ASSETCATALOG_COMPILER_APPICON_NAME = AppIcon;
				ASSETCATALOG_COMPILER_GLOBAL_ACCENT_COLOR_NAME = AccentColor;
				CLANG_ENABLE_MODULES = YES;
				CODE_SIGN_STYLE = Automatic;
				CURRENT_PROJECT_VERSION = 1;
				DEVELOPMENT_TEAM = AAZ295K3HU;
				GENERATE_INFOPLIST_FILE = YES;
				INFOPLIST_FILE = SwiftVerify/Info.plist;
				INFOPLIST_KEY_CFBundleDisplayName = SwiftVerify;
				INFOPLIST_KEY_LSApplicationCategoryType = "public.app-category.developer-tools";
				INFOPLIST_KEY_LSSupportsOpeningDocumentsInPlace = YES;
				INFOPLIST_KEY_NSCameraUsageDescription = "WYBasisKit申请使用相机权限，用于拍摄相关的测试";
				INFOPLIST_KEY_NSLocationWhenInUseUsageDescription = "WYBasisKit申请使用位置权限，用于定位相关的测试";
				INFOPLIST_KEY_NSMicrophoneUsageDescription = "WYBasisKit申请使用麦克风权限用于语音相关的测试";
				INFOPLIST_KEY_NSPhotoLibraryUsageDescription = "WYBasisKit申请使用相册权限用于照片相关的测试";
				INFOPLIST_KEY_NSSpeechRecognitionUsageDescription = "WYBasisKit申请使用语音转文字权限，用于语音与文字之间的转换测试";
				INFOPLIST_KEY_UILaunchStoryboardName = LaunchScreen.storyboard;
				INFOPLIST_KEY_UIMainStoryboardFile = Main;
				INFOPLIST_KEY_UISupportedInterfaceOrientations = UIInterfaceOrientationPortrait;
				IPHONEOS_DEPLOYMENT_TARGET = 13.0;
				LD_RUNPATH_SEARCH_PATHS = (
					"$(inherited)",
					"@executable_path/Frameworks",
				);
				MARKETING_VERSION = 1.0;
				PRODUCT_BUNDLE_IDENTIFIER = com.aiguanren.SwiftVerify;
				PRODUCT_NAME = "$(TARGET_NAME)";
				SWIFT_EMIT_LOC_STRINGS = YES;
				SWIFT_OPTIMIZATION_LEVEL = "-Onone";
				SWIFT_VERSION = 5.0;
				TARGETED_DEVICE_FAMILY = "1,2";
			};
			name = Debug;
		};
		585B35582DF8081900E6E08F /* Release */ = {
			isa = XCBuildConfiguration;
			baseConfigurationReference = 6E236AE8BDBD3FC3EBA4391C /* Pods-SwiftVerify.release.xcconfig */;
			buildSettings = {
				ASSETCATALOG_COMPILER_APPICON_NAME = AppIcon;
				ASSETCATALOG_COMPILER_GLOBAL_ACCENT_COLOR_NAME = AccentColor;
				CLANG_ENABLE_MODULES = YES;
				CODE_SIGN_STYLE = Automatic;
				CURRENT_PROJECT_VERSION = 1;
				DEVELOPMENT_TEAM = AAZ295K3HU;
				GENERATE_INFOPLIST_FILE = YES;
				INFOPLIST_FILE = SwiftVerify/Info.plist;
				INFOPLIST_KEY_CFBundleDisplayName = SwiftVerify;
				INFOPLIST_KEY_LSApplicationCategoryType = "public.app-category.developer-tools";
				INFOPLIST_KEY_LSSupportsOpeningDocumentsInPlace = YES;
				INFOPLIST_KEY_NSCameraUsageDescription = "WYBasisKit申请使用相机权限，用于拍摄相关的测试";
				INFOPLIST_KEY_NSLocationWhenInUseUsageDescription = "WYBasisKit申请使用位置权限，用于定位相关的测试";
				INFOPLIST_KEY_NSMicrophoneUsageDescription = "WYBasisKit申请使用麦克风权限用于语音相关的测试";
				INFOPLIST_KEY_NSPhotoLibraryUsageDescription = "WYBasisKit申请使用相册权限用于照片相关的测试";
				INFOPLIST_KEY_NSSpeechRecognitionUsageDescription = "WYBasisKit申请使用语音转文字权限，用于语音与文字之间的转换测试";
				INFOPLIST_KEY_UILaunchStoryboardName = LaunchScreen.storyboard;
				INFOPLIST_KEY_UIMainStoryboardFile = Main;
				INFOPLIST_KEY_UISupportedInterfaceOrientations = UIInterfaceOrientationPortrait;
				IPHONEOS_DEPLOYMENT_TARGET = 13.0;
				LD_RUNPATH_SEARCH_PATHS = (
					"$(inherited)",
					"@executable_path/Frameworks",
				);
				MARKETING_VERSION = 1.0;
				PRODUCT_BUNDLE_IDENTIFIER = com.aiguanren.SwiftVerify;
				PRODUCT_NAME = "$(TARGET_NAME)";
				SWIFT_EMIT_LOC_STRINGS = YES;
				SWIFT_VERSION = 5.0;
				TARGETED_DEVICE_FAMILY = "1,2";
			};
			name = Release;
		};
		585B35592DF8081900E6E08F /* Debug */ = {
			isa = XCBuildConfiguration;
			buildSettings = {
				ALWAYS_SEARCH_USER_PATHS = NO;
				CLANG_ANALYZER_NONNULL = YES;
				CLANG_ANALYZER_NUMBER_OBJECT_CONVERSION = YES_AGGRESSIVE;
				CLANG_CXX_LANGUAGE_STANDARD = "gnu++17";
				CLANG_ENABLE_MODULES = YES;
				CLANG_ENABLE_OBJC_ARC = YES;
				CLANG_ENABLE_OBJC_WEAK = YES;
				CLANG_WARN_BLOCK_CAPTURE_AUTORELEASING = YES;
				CLANG_WARN_BOOL_CONVERSION = YES;
				CLANG_WARN_COMMA = YES;
				CLANG_WARN_CONSTANT_CONVERSION = YES;
				CLANG_WARN_DEPRECATED_OBJC_IMPLEMENTATIONS = YES;
				CLANG_WARN_DIRECT_OBJC_ISA_USAGE = YES_ERROR;
				CLANG_WARN_DOCUMENTATION_COMMENTS = YES;
				CLANG_WARN_EMPTY_BODY = YES;
				CLANG_WARN_ENUM_CONVERSION = YES;
				CLANG_WARN_INFINITE_RECURSION = YES;
				CLANG_WARN_INT_CONVERSION = YES;
				CLANG_WARN_NON_LITERAL_NULL_CONVERSION = YES;
				CLANG_WARN_OBJC_IMPLICIT_RETAIN_SELF = YES;
				CLANG_WARN_OBJC_LITERAL_CONVERSION = YES;
				CLANG_WARN_OBJC_ROOT_CLASS = YES_ERROR;
				CLANG_WARN_RANGE_LOOP_ANALYSIS = YES;
				CLANG_WARN_STRICT_PROTOTYPES = YES;
				CLANG_WARN_SUSPICIOUS_MOVE = YES;
				CLANG_WARN_UNGUARDED_AVAILABILITY = YES_AGGRESSIVE;
				CLANG_WARN_UNREACHABLE_CODE = YES;
				CLANG_WARN__DUPLICATE_METHOD_MATCH = YES;
				COPY_PHASE_STRIP = NO;
				DEBUG_INFORMATION_FORMAT = dwarf;
				DEVELOPMENT_TEAM = 48Q2YZZG66;
				ENABLE_STRICT_OBJC_MSGSEND = YES;
				ENABLE_TESTABILITY = YES;
				"EXCLUDED_ARCHS[sdk=iphonesimulator*]" = arm64;
				GCC_C_LANGUAGE_STANDARD = gnu11;
				GCC_DYNAMIC_NO_PIC = NO;
				GCC_NO_COMMON_BLOCKS = YES;
				GCC_OPTIMIZATION_LEVEL = 0;
				GCC_PREPROCESSOR_DEFINITIONS = (
					"DEBUG=1",
					"$(inherited)",
				);
				GCC_WARN_64_TO_32_BIT_CONVERSION = YES;
				GCC_WARN_ABOUT_RETURN_TYPE = YES_ERROR;
				GCC_WARN_UNDECLARED_SELECTOR = YES;
				GCC_WARN_UNINITIALIZED_AUTOS = YES_AGGRESSIVE;
				GCC_WARN_UNUSED_FUNCTION = YES;
				GCC_WARN_UNUSED_VARIABLE = YES;
				IPHONEOS_DEPLOYMENT_TARGET = 13.0;
				MTL_ENABLE_DEBUG_INFO = INCLUDE_SOURCE;
				MTL_FAST_MATH = YES;
				ONLY_ACTIVE_ARCH = YES;
				SDKROOT = iphoneos;
				SWIFT_ACTIVE_COMPILATION_CONDITIONS = DEBUG;
				SWIFT_OPTIMIZATION_LEVEL = "-Onone";
			};
			name = Debug;
		};
		585B355A2DF8081900E6E08F /* Release */ = {
			isa = XCBuildConfiguration;
			buildSettings = {
				ALWAYS_SEARCH_USER_PATHS = NO;
				CLANG_ANALYZER_NONNULL = YES;
				CLANG_ANALYZER_NUMBER_OBJECT_CONVERSION = YES_AGGRESSIVE;
				CLANG_CXX_LANGUAGE_STANDARD = "gnu++17";
				CLANG_ENABLE_MODULES = YES;
				CLANG_ENABLE_OBJC_ARC = YES;
				CLANG_ENABLE_OBJC_WEAK = YES;
				CLANG_WARN_BLOCK_CAPTURE_AUTORELEASING = YES;
				CLANG_WARN_BOOL_CONVERSION = YES;
				CLANG_WARN_COMMA = YES;
				CLANG_WARN_CONSTANT_CONVERSION = YES;
				CLANG_WARN_DEPRECATED_OBJC_IMPLEMENTATIONS = YES;
				CLANG_WARN_DIRECT_OBJC_ISA_USAGE = YES_ERROR;
				CLANG_WARN_DOCUMENTATION_COMMENTS = YES;
				CLANG_WARN_EMPTY_BODY = YES;
				CLANG_WARN_ENUM_CONVERSION = YES;
				CLANG_WARN_INFINITE_RECURSION = YES;
				CLANG_WARN_INT_CONVERSION = YES;
				CLANG_WARN_NON_LITERAL_NULL_CONVERSION = YES;
				CLANG_WARN_OBJC_IMPLICIT_RETAIN_SELF = YES;
				CLANG_WARN_OBJC_LITERAL_CONVERSION = YES;
				CLANG_WARN_OBJC_ROOT_CLASS = YES_ERROR;
				CLANG_WARN_RANGE_LOOP_ANALYSIS = YES;
				CLANG_WARN_STRICT_PROTOTYPES = YES;
				CLANG_WARN_SUSPICIOUS_MOVE = YES;
				CLANG_WARN_UNGUARDED_AVAILABILITY = YES_AGGRESSIVE;
				CLANG_WARN_UNREACHABLE_CODE = YES;
				CLANG_WARN__DUPLICATE_METHOD_MATCH = YES;
				COPY_PHASE_STRIP = NO;
				DEBUG_INFORMATION_FORMAT = "dwarf-with-dsym";
				DEVELOPMENT_TEAM = 48Q2YZZG66;
				ENABLE_NS_ASSERTIONS = NO;
				ENABLE_STRICT_OBJC_MSGSEND = YES;
				"EXCLUDED_ARCHS[sdk=iphonesimulator*]" = arm64;
				GCC_C_LANGUAGE_STANDARD = gnu11;
				GCC_NO_COMMON_BLOCKS = YES;
				GCC_WARN_64_TO_32_BIT_CONVERSION = YES;
				GCC_WARN_ABOUT_RETURN_TYPE = YES_ERROR;
				GCC_WARN_UNDECLARED_SELECTOR = YES;
				GCC_WARN_UNINITIALIZED_AUTOS = YES_AGGRESSIVE;
				GCC_WARN_UNUSED_FUNCTION = YES;
				GCC_WARN_UNUSED_VARIABLE = YES;
				IPHONEOS_DEPLOYMENT_TARGET = 13.0;
				MTL_ENABLE_DEBUG_INFO = NO;
				MTL_FAST_MATH = YES;
				SDKROOT = iphoneos;
				SWIFT_COMPILATION_MODE = wholemodule;
				VALIDATE_PRODUCT = YES;
			};
			name = Release;
		};
/* End XCBuildConfiguration section */

/* Begin XCConfigurationList section */
		585B353E2DF8081800E6E08F /* Build configuration list for PBXProject "SwiftVerify" */ = {
			isa = XCConfigurationList;
			buildConfigurations = (
				585B35592DF8081900E6E08F /* Debug */,
				585B355A2DF8081900E6E08F /* Release */,
			);
			defaultConfigurationIsVisible = 0;
			defaultConfigurationName = Release;
		};
		585B35562DF8081900E6E08F /* Build configuration list for PBXNativeTarget "SwiftVerify" */ = {
			isa = XCConfigurationList;
			buildConfigurations = (
				585B35572DF8081900E6E08F /* Debug */,
				585B35582DF8081900E6E08F /* Release */,
			);
			defaultConfigurationIsVisible = 0;
			defaultConfigurationName = Release;
		};
/* End XCConfigurationList section */
	};
	rootObject = 585B353B2DF8081800E6E08F /* Project object */;
}
